<?xml version="1.0" encoding="utf-8"?>
<Project ToolsVersion="4.0" xmlns="http://schemas.microsoft.com/developer/msbuild/2003">
  <ItemGroup>
    <Filter Include="Source Files">
      <UniqueIdentifier>{4FC737F1-C7A5-4376-A066-2A32D752A2FF}</UniqueIdentifier>
      <Extensions>cpp;c;cc;cxx;def;odl;idl;hpj;bat;asm;asmx</Extensions>
    </Filter>
    <Filter Include="Header Files">
      <UniqueIdentifier>{93995380-89BD-4b04-88EB-625FBE52EBFB}</UniqueIdentifier>
      <Extensions>h;hh;hpp;hxx;hm;inl;inc;xsd</Extensions>
    </Filter>
    <Filter Include="Resource Files">
      <UniqueIdentifier>{D9D6E242-F8AF-46E4-B9FD-80ECBC20BA3E}</UniqueIdentifier>
      <Extensions>qrc;*</Extensions>
      <ParseFiles>false</ParseFiles>
    </Filter>
    <Filter Include="Form Files">
      <UniqueIdentifier>{99349809-55BA-4b9d-BF79-8FDBB0286EB3}</UniqueIdentifier>
      <Extensions>ui</Extensions>
    </Filter>
    <Filter Include="Resource Files">
      <UniqueIdentifier>{D9D6E242-F8AF-46E4-B9FD-80ECBC20BA3E}</UniqueIdentifier>
      <Extensions>qrc;*</Extensions>
      <ParseFiles>false</ParseFiles>
    </Filter>
    <Filter Include="Generated Files">
      <UniqueIdentifier>{71ED8ED8-ACB9-4CE9-BBE1-E00B30144E11}</UniqueIdentifier>
      <Extensions>moc;h;cpp</Extensions>
      <SourceControlFiles>False</SourceControlFiles>
    </Filter>
    <Filter Include="Generated Files\Debug">
      <UniqueIdentifier>{c91f2854-b82b-441e-adf8-833b88f28745}</UniqueIdentifier>
      <Extensions>cpp;moc</Extensions>
      <SourceControlFiles>False</SourceControlFiles>
    </Filter>
    <Filter Include="Generated Files\Release">
      <UniqueIdentifier>{12306083-51e4-4128-8c2c-ae12a8723de7}</UniqueIdentifier>
      <Extensions>cpp;moc</Extensions>
      <SourceControlFiles>False</SourceControlFiles>
    </Filter>
  </ItemGroup>
  <ItemGroup>
    <ClCompile Include="main.cpp">
      <Filter>Source Files</Filter>
    </ClCompile>
    <ClCompile Include="MainWidget.cpp">
      <Filter>Source Files</Filter>
    </ClCompile>
    <ClCompile Include="LoginWidget.cpp">
      <Filter>Source Files</Filter>
    </ClCompile>
    <ClCompile Include="Dispatch.cpp">
      <Filter>Source Files</Filter>
    </ClCompile>
    <ClCompile Include="ChatWidget.cpp">
      <Filter>Source Files</Filter>
    </ClCompile>
    <ClCompile Include="ClientObject.cpp">
      <Filter>Source Files</Filter>
    </ClCompile>
    <ClCompile Include="ConversationModel.cpp">
      <Filter>Source Files</Filter>
    </ClCompile>
    <ClCompile Include="MetaTypes.cpp">
      <Filter>Source Files</Filter>
    </ClCompile>
    <ClCompile Include="Util.cpp">
      <Filter>Source Files</Filter>
    </ClCompile>
    <ClCompile Include="ContactModel.cpp">
      <Filter>Source Files</Filter>
    </ClCompile>
    <ClCompile Include="MessageListWidget.cpp">
      <Filter>Source Files</Filter>
    </ClCompile>
    <ClCompile Include="ItemWidgetTextLeft.cpp">
      <Filter>Source Files</Filter>
    </ClCompile>
    <ClCompile Include="ItemWidgetTextRight.cpp">
      <Filter>Source Files</Filter>
    </ClCompile>
    <ClCompile Include="ItemWidgetImageRight.cpp">
      <Filter>Source Files</Filter>
    </ClCompile>
    <ClCompile Include="ItemWidgetImageLeft.cpp">
      <Filter>Source Files</Filter>
    </ClCompile>
    <ClCompile Include="ItemWidgetFileRight.cpp">
      <Filter>Source Files</Filter>
    </ClCompile>
    <ClCompile Include="ItemWidgetFileLeft.cpp">
      <Filter>Source Files</Filter>
    </ClCompile>
    <ClCompile Include="ItemWidgetCenter.cpp">
      <Filter>Source Files</Filter>
    </ClCompile>
    <ClCompile Include="UserInfoWidget.cpp">
      <Filter>Source Files</Filter>
    </ClCompile>
    <ClCompile Include="Emoji.cpp">
      <Filter>Source Files</Filter>
    </ClCompile>
    <ClCompile Include="EmojiPicker.cpp">
      <Filter>Source Files</Filter>
    </ClCompile>
    <ClCompile Include="GroupInfoWidget.cpp">
      <Filter>Source Files</Filter>
    </ClCompile>
    <ClCompile Include="MemberModel.cpp">
      <Filter>Source Files</Filter>
    </ClCompile>
    <ClCompile Include="TextEdit.cpp">
      <Filter>Source Files</Filter>
    </ClCompile>
    <ClCompile Include="ProxyModel.cpp">
      <Filter>Source Files</Filter>
    </ClCompile>
    <ClCompile Include="SelectMemberWidget.cpp">
      <Filter>Source Files</Filter>
    </ClCompile>
    <ClCompile Include="SelectUserWidget.cpp">
      <Filter>Source Files</Filter>
    </ClCompile>
    <ClCompile Include="RequestMessageWidget.cpp">
      <Filter>Source Files</Filter>
    </ClCompile>
    <ClCompile Include="FriendEventListWidget.cpp">
      <Filter>Source Files</Filter>
    </ClCompile>
    <ClCompile Include="FriendEventItemWidget.cpp">
      <Filter>Source Files</Filter>
    </ClCompile>
    <ClCompile Include="Transaction.cpp">
      <Filter>Source Files</Filter>
    </ClCompile>
    <ClCompile Include="ItemWidgetMapper.cpp">
      <Filter>Source Files</Filter>
    </ClCompile>
    <ClCompile Include="ConversationItemWidget.cpp">
      <Filter>Source Files</Filter>
    </ClCompile>
    <ClCompile Include="ChatIdItemWidget.cpp">
      <Filter>Source Files</Filter>
    </ClCompile>
    <ClCompile Include="ChangePassword.cpp">
      <Filter>Source Files</Filter>
    </ClCompile>
    <ClCompile Include="BusyIndicator.cpp">
      <Filter>Source Files</Filter>
    </ClCompile>
    <ClCompile Include="BlackList.cpp">
      <Filter>Source Files</Filter>
    </ClCompile>
    <ClCompile Include="SendImage.cpp">
      <Filter>Source Files</Filter>
    </ClCompile>
    <ClCompile Include="SendFile.cpp">
      <Filter>Source Files</Filter>
    </ClCompile>
    <ClCompile Include="ItemWidgetLocationLeft.cpp">
      <Filter>Source Files</Filter>
    </ClCompile>
    <ClCompile Include="UnreadUsers.cpp">
      <Filter>Source Files</Filter>
    </ClCompile>
    <ClCompile Include="ItemWidgetUserCardLeft.cpp">
      <Filter>Source Files</Filter>
    </ClCompile>
    <ClCompile Include="ItemWidgetUserCardRight.cpp">
      <Filter>Source Files</Filter>
    </ClCompile>
    <ClCompile Include="FileManager.cpp">
      <Filter>Source Files</Filter>
    </ClCompile>
    <ClCompile Include="EnterUserNameWidget.cpp">
      <Filter>Source Files</Filter>
    </ClCompile>
    <ClCompile Include="SearchUser.cpp">
      <Filter>Source Files</Filter>
    </ClCompile>
    <ClCompile Include="TrayIconMessage.cpp">
      <Filter>Source Files</Filter>
    </ClCompile>
    <ClCompile Include="TrayMessageItemWidget.cpp">
      <Filter>Source Files</Filter>
    </ClCompile>
    <ClCompile Include="ToolButton.cpp">
      <Filter>Source Files</Filter>
    </ClCompile>
    <ClCompile Include="ItemWidgetVoiceLeft.cpp">
      <Filter>Source Files</Filter>
    </ClCompile>
    <ClCompile Include="ElidedLabel.cpp">
      <Filter>Source Files</Filter>
    </ClCompile>
    <ClCompile Include="ItemWidgetLocationRight.cpp">
      <Filter>Source Files</Filter>
    </ClCompile>
    <ClCompile Include="ItemWidgetVoiceRight.cpp">
      <Filter>Source Files</Filter>
    </ClCompile>
    <ClCompile Include="ItemWidgetInterface.cpp">
      <Filter>Source Files</Filter>
    </ClCompile>
    <ClCompile Include="RememberedAccount.cpp">
      <Filter>Source Files</Filter>
    </ClCompile>
    <ClCompile Include="Binding.cpp">
      <Filter>Source Files</Filter>
    </ClCompile>
    <ClCompile Include="ImageCut.cpp">
      <Filter>Source Files</Filter>
    </ClCompile>
    <ClCompile Include="MemberItemWidget.cpp">
      <Filter>Source Files</Filter>
    </ClCompile>
    <ClCompile Include="GroupInfoDialog.cpp">
      <Filter>Source Files</Filter>
    </ClCompile>
    <ClCompile Include="InputGroupId.cpp">
      <Filter>Source Files</Filter>
    </ClCompile>
    <ClCompile Include="RoomListModel.cpp">
      <Filter>Source Files</Filter>
    </ClCompile>
    <ClCompile Include="RoomItemWidget.cpp">
      <Filter>Source Files</Filter>
    </ClCompile>
    <ClCompile Include="RoomInfoWidget.cpp">
      <Filter>Source Files</Filter>
    </ClCompile>
    <ClCompile Include="RoomInfoPage.cpp">
      <Filter>Source Files</Filter>
    </ClCompile>
    <ClCompile Include="GroupEventWidget.cpp">
      <Filter>Source Files</Filter>
    </ClCompile>
    <ClCompile Include="GroupEventItem.cpp">
      <Filter>Source Files</Filter>
    </ClCompile>
    <ClCompile Include="Label.cpp">
      <Filter>Source Files</Filter>
    </ClCompile>
    <ClCompile Include="MetroStyle.cpp">
      <Filter>Source Files</Filter>
    </ClCompile>
  </ItemGroup>
  <ItemGroup>
    <QtMoc Include="MainWidget.h">
      <Filter>Header Files</Filter>
    </QtMoc>
    <QtUic Include="MainWidget.ui">
      <Filter>Form Files</Filter>
    </QtUic>
    <QtMoc Include="LoginWidget.h">
      <Filter>Header Files</Filter>
    </QtMoc>
    <QtUic Include="LoginWidget.ui">
      <Filter>Form Files</Filter>
    </QtUic>
    <QtUic Include="ChatWidget.ui">
      <Filter>Form Files</Filter>
    </QtUic>
    <QtRcc Include="Resource.qrc">
      <Filter>Resource Files</Filter>
    </QtRcc>
    <QtMoc Include="Settings.h">
      <Filter>Header Files</Filter>
    </QtMoc>
    <QtMoc Include="ClientObject.h">
      <Filter>Header Files</Filter>
    </QtMoc>
    <QtMoc Include="ContactModel.h">
      <Filter>Header Files</Filter>
    </QtMoc>
    <QtMoc Include="MessageListWidget.h">
      <Filter>Header Files</Filter>
    </QtMoc>
    <QtUic Include="MessageListWidget.ui">
      <Filter>Form Files</Filter>
    </QtUic>
    <QtMoc Include="ItemWidgetTextLeft.h">
      <Filter>Header Files</Filter>
    </QtMoc>
    <QtUic Include="ItemWidgetTextLeft.ui">
      <Filter>Form Files</Filter>
    </QtUic>
    <QtMoc Include="ItemWidgetTextRight.h">
      <Filter>Header Files</Filter>
    </QtMoc>
    <QtUic Include="ItemWidgetTextRight.ui">
      <Filter>Form Files</Filter>
    </QtUic>
    <QtMoc Include="ItemWidgetImageRight.h">
      <Filter>Header Files</Filter>
    </QtMoc>
    <QtUic Include="ItemWidgetImageRight.ui">
      <Filter>Form Files</Filter>
    </QtUic>
    <QtMoc Include="ItemWidgetImageLeft.h">
      <Filter>Header Files</Filter>
    </QtMoc>
    <QtUic Include="ItemWidgetImageLeft.ui">
      <Filter>Form Files</Filter>
    </QtUic>
    <QtMoc Include="ItemWidgetFileRight.h">
      <Filter>Header Files</Filter>
    </QtMoc>
    <QtUic Include="ItemWidgetFileRight.ui">
      <Filter>Form Files</Filter>
    </QtUic>
    <QtMoc Include="ItemWidgetFileLeft.h">
      <Filter>Header Files</Filter>
    </QtMoc>
    <QtUic Include="ItemWidgetFileLeft.ui">
      <Filter>Form Files</Filter>
    </QtUic>
    <QtMoc Include="ItemWidgetCenter.h">
      <Filter>Header Files</Filter>
    </QtMoc>
    <QtUic Include="ItemWidgetCenter.ui">
      <Filter>Form Files</Filter>
    </QtUic>
    <QtMoc Include="UserInfoWidget.h">
      <Filter>Header Files</Filter>
    </QtMoc>
    <QtUic Include="UserInfoWidget.ui">
      <Filter>Form Files</Filter>
    </QtUic>
    <QtMoc Include="Emoji.h">
      <Filter>Header Files</Filter>
    </QtMoc>
    <QtMoc Include="EmojiPicker.h">
      <Filter>Header Files</Filter>
    </QtMoc>
    <QtUic Include="EmojiPicker.ui">
      <Filter>Form Files</Filter>
    </QtUic>
    <QtMoc Include="GroupInfoWidget.h">
      <Filter>Header Files</Filter>
    </QtMoc>
    <QtUic Include="GroupInfoWidget.ui">
      <Filter>Form Files</Filter>
    </QtUic>
    <QtMoc Include="MemberModel.h">
      <Filter>Header Files</Filter>
    </QtMoc>
    <QtMoc Include="TextEdit.h">
      <Filter>Header Files</Filter>
    </QtMoc>
    <QtMoc Include="ProxyModel.h">
      <Filter>Header Files</Filter>
    </QtMoc>
    <QtMoc Include="SelectMemberWidget.h">
      <Filter>Header Files</Filter>
    </QtMoc>
    <QtUic Include="SelectMemberWidget.ui">
      <Filter>Form Files</Filter>
    </QtUic>
    <QtMoc Include="SelectUserWidget.h">
      <Filter>Header Files</Filter>
    </QtMoc>
    <QtUic Include="SelectUserWidget.ui">
      <Filter>Form Files</Filter>
    </QtUic>
    <QtMoc Include="RequestMessageWidget.h">
      <Filter>Header Files</Filter>
    </QtMoc>
    <QtUic Include="RequestMessageWidget.ui">
      <Filter>Form Files</Filter>
    </QtUic>
    <QtUic Include="FriendEventListWidget.ui">
      <Filter>Form Files</Filter>
    </QtUic>
    <QtMoc Include="FriendEventItemWidget.h">
      <Filter>Header Files</Filter>
    </QtMoc>
    <QtUic Include="FriendEventItemWidget.ui">
      <Filter>Form Files</Filter>
    </QtUic>
    <CustomBuild Include="Transaction.h">
      <Filter>Header Files</Filter>
    </CustomBuild>
    <QtMoc Include="ItemWidgetMapper.h">
      <Filter>Header Files</Filter>
    </QtMoc>
    <QtMoc Include="ConversationItemWidget.h">
      <Filter>Header Files</Filter>
    </QtMoc>
    <QtUic Include="ConversationItemWidget.ui">
      <Filter>Form Files</Filter>
    </QtUic>
    <QtMoc Include="ChatIdItemWidget.h">
      <Filter>Header Files</Filter>
    </QtMoc>
    <QtUic Include="ChatIdItemWidget.ui">
      <Filter>Form Files</Filter>
    </QtUic>
    <QtMoc Include="ChangePassword.h">
      <Filter>Header Files</Filter>
    </QtMoc>
    <QtUic Include="ChangePassword.ui">
      <Filter>Form Files</Filter>
    </QtUic>
    <QtMoc Include="BusyIndicator.h">
      <Filter>Header Files</Filter>
    </QtMoc>
    <QtMoc Include="BlackList.h">
      <Filter>Header Files</Filter>
    </QtMoc>
    <QtUic Include="BlackList.ui">
      <Filter>Form Files</Filter>
    </QtUic>
    <QtMoc Include="SendImage.h">
      <Filter>Header Files</Filter>
    </QtMoc>
    <QtUic Include="SendImage.ui">
      <Filter>Form Files</Filter>
    </QtUic>
    <QtMoc Include="SendFile.h">
      <Filter>Header Files</Filter>
    </QtMoc>
    <QtUic Include="SendFile.ui">
      <Filter>Form Files</Filter>
    </QtUic>
    <QtMoc Include="ItemWidgetLocationLeft.h">
      <Filter>Header Files</Filter>
    </QtMoc>
    <QtUic Include="ItemWidgetLocationLeft.ui">
      <Filter>Form Files</Filter>
    </QtUic>
    <QtMoc Include="UnreadUsers.h">
      <Filter>Header Files</Filter>
    </QtMoc>
    <QtUic Include="UnreadUsers.ui">
      <Filter>Form Files</Filter>
    </QtUic>
    <QtMoc Include="ItemWidgetUserCardLeft.h">
      <Filter>Header Files</Filter>
    </QtMoc>
    <QtUic Include="ItemWidgetUserCardLeft.ui">
      <Filter>Form Files</Filter>
    </QtUic>
    <QtMoc Include="ItemWidgetUserCardRight.h">
      <Filter>Header Files</Filter>
    </QtMoc>
    <QtUic Include="ItemWidgetUserCardRight.ui">
      <Filter>Form Files</Filter>
    </QtUic>
    <QtMoc Include="FileManager.h">
      <Filter>Header Files</Filter>
    </QtMoc>
    <QtUic Include="FileManager.ui">
      <Filter>Form Files</Filter>
    </QtUic>
    <QtMoc Include="EnterUserNameWidget.h">
      <Filter>Header Files</Filter>
    </QtMoc>
    <QtUic Include="EnterUserNameWidget.ui">
      <Filter>Form Files</Filter>
    </QtUic>
    <QtMoc Include="SearchUser.h">
      <Filter>Header Files</Filter>
    </QtMoc>
    <QtUic Include="SearchUser.ui">
      <Filter>Form Files</Filter>
    </QtUic>
    <QtMoc Include="TrayIconMessage.h">
      <Filter>Header Files</Filter>
    </QtMoc>
    <QtUic Include="TrayIconMessage.ui">
      <Filter>Form Files</Filter>
    </QtUic>
    <QtMoc Include="TrayMessageItemWidget.h">
      <Filter>Header Files</Filter>
    </QtMoc>
    <QtUic Include="TrayMessageItemWidget.ui">
      <Filter>Form Files</Filter>
    </QtUic>
    <QtMoc Include="ToolButton.h">
      <Filter>Header Files</Filter>
    </QtMoc>
    <QtMoc Include="ItemWidgetVoiceLeft.h">
      <Filter>Header Files</Filter>
    </QtMoc>
    <QtUic Include="ItemWidgetVoiceLeft.ui">
      <Filter>Form Files</Filter>
    </QtUic>
    <QtMoc Include="ElidedLabel.h">
      <Filter>Header Files</Filter>
    </QtMoc>
    <QtMoc Include="ItemWidgetLocationRight.h">
      <Filter>Header Files</Filter>
    </QtMoc>
    <QtUic Include="ItemWidgetLocationRight.ui">
      <Filter>Form Files</Filter>
    </QtUic>
    <QtMoc Include="ItemWidgetVoiceRight.h">
      <Filter>Header Files</Filter>
    </QtMoc>
    <QtUic Include="ItemWidgetVoiceRight.ui">
      <Filter>Form Files</Filter>
    </QtUic>
    <CustomBuild Include="RememberedAccount.h">
      <Filter>Header Files</Filter>
    </CustomBuild>
    <QtMoc Include="Binding.h">
      <Filter>Header Files</Filter>
    </QtMoc>
    <QtMoc Include="ChatWidget.h">
      <Filter>Header Files</Filter>
    </QtMoc>
    <QtMoc Include="ConversationModel.h">
      <Filter>Header Files</Filter>
    </QtMoc>
    <QtMoc Include="FriendEventListWidget.h">
      <Filter>Header Files</Filter>
    </QtMoc>
    <QtMoc Include="ImageCut.h">
      <Filter>Header Files</Filter>
    </QtMoc>
    <QtUic Include="ImageCut.ui">
      <Filter>Form Files</Filter>
    </QtUic>
    <QtMoc Include="MemberItemWidget.h">
      <Filter>Header Files</Filter>
    </QtMoc>
    <QtUic Include="MemberItemWidget.ui">
      <Filter>Form Files</Filter>
    </QtUic>
    <QtMoc Include="GroupInfoDialog.h">
      <Filter>Header Files</Filter>
    </QtMoc>
    <QtUic Include="GroupInfoDialog.ui">
      <Filter>Form Files</Filter>
    </QtUic>
    <QtMoc Include="InputGroupId.h">
      <Filter>Header Files</Filter>
    </QtMoc>
    <QtUic Include="InputGroupId.ui">
      <Filter>Form Files</Filter>
    </QtUic>
    <QtMoc Include="RoomListModel.h">
      <Filter>Header Files</Filter>
    </QtMoc>
    <QtMoc Include="RoomItemWidget.h">
      <Filter>Header Files</Filter>
    </QtMoc>
    <QtUic Include="RoomItemWidget.ui">
      <Filter>Form Files</Filter>
    </QtUic>
    <QtMoc Include="RoomInfoWidget.h">
      <Filter>Header Files</Filter>
    </QtMoc>
    <QtUic Include="RoomInfoWidget.ui">
      <Filter>Form Files</Filter>
    </QtUic>
    <QtMoc Include="RoomInfoPage.h">
      <Filter>Header Files</Filter>
    </QtMoc>
    <QtUic Include="RoomInfoPage.ui">
      <Filter>Form Files</Filter>
    </QtUic>
    <QtMoc Include="GroupEventWidget.h">
      <Filter>Header Files</Filter>
    </QtMoc>
    <QtUic Include="GroupEventWidget.ui">
      <Filter>Form Files</Filter>
    </QtUic>
    <QtMoc Include="GroupEventItem.h">
      <Filter>Header Files</Filter>
    </QtMoc>
    <QtUic Include="GroupEventItem.ui">
      <Filter>Form Files</Filter>
    </QtUic>
    <QtMoc Include="Label.h">
      <Filter>Header Files</Filter>
    </QtMoc>
    <QtMoc Include="MetroStyle.h">
      <Filter>Header Files</Filter>
    </QtMoc>
    <QtRcc Include="ResourceEmoji.qrc">
      <Filter>Resource Files</Filter>
    </QtRcc>
  </ItemGroup>
  <ItemGroup>
    <ClInclude Include="GeneratedFiles\ui_MainWidget.h">
      <Filter>Generated Files</Filter>
    </ClInclude>
    <ClInclude Include="GeneratedFiles\ui_LoginWidget.h">
      <Filter>Generated Files</Filter>
    </ClInclude>
    <ClInclude Include="Dispatch.h">
      <Filter>Header Files</Filter>
    </ClInclude>
    <ClInclude Include="await.h">
      <Filter>Header Files</Filter>
    </ClInclude>
    <ClInclude Include="GeneratedFiles\ui_ChatWidget.h">
      <Filter>Generated Files</Filter>
    </ClInclude>
    <ClInclude Include="MetaTypes.h">
      <Filter>Header Files</Filter>
    </ClInclude>
    <ClInclude Include="Util.h">
      <Filter>Header Files</Filter>
    </ClInclude>
    <ClInclude Include="ModelRange.h">
      <Filter>Header Files</Filter>
    </ClInclude>
    <ClInclude Include="GeneratedFiles\ui_MessageListWidget.h">
      <Filter>Generated Files</Filter>
    </ClInclude>
    <ClInclude Include="ItemWidgetInterface.h">
      <Filter>Header Files</Filter>
    </ClInclude>
    <ClInclude Include="GeneratedFiles\ui_ItemWidgetTextLeft.h">
      <Filter>Generated Files</Filter>
    </ClInclude>
    <ClInclude Include="GeneratedFiles\ui_ItemWidgetTextRight.h">
      <Filter>Generated Files</Filter>
    </ClInclude>
    <ClInclude Include="GeneratedFiles\ui_ItemWidgetImageRight.h">
      <Filter>Generated Files</Filter>
    </ClInclude>
    <ClInclude Include="GeneratedFiles\ui_ItemWidgetImageLeft.h">
      <Filter>Generated Files</Filter>
    </ClInclude>
    <ClInclude Include="GeneratedFiles\ui_ItemWidgetFileRight.h">
      <Filter>Generated Files</Filter>
    </ClInclude>
    <ClInclude Include="GeneratedFiles\ui_ItemWidgetFileLeft.h">
      <Filter>Generated Files</Filter>
    </ClInclude>
    <ClInclude Include="GeneratedFiles\ui_ItemWidgetCenter.h">
      <Filter>Generated Files</Filter>
    </ClInclude>
    <ClInclude Include="GeneratedFiles\ui_UserInfoWidget.h">
      <Filter>Generated Files</Filter>
    </ClInclude>
    <ClInclude Include="resource.h">
      <Filter>Header Files</Filter>
    </ClInclude>
    <ClInclude Include="GeneratedFiles\ui_EmojiPicker.h">
      <Filter>Generated Files</Filter>
    </ClInclude>
    <ClInclude Include="GeneratedFiles\ui_GroupInfoWidget.h">
      <Filter>Generated Files</Filter>
    </ClInclude>
    <ClInclude Include="GeneratedFiles\ui_SelectMemberWidget.h">
      <Filter>Generated Files</Filter>
    </ClInclude>
    <ClInclude Include="GeneratedFiles\ui_SelectUserWidget.h">
      <Filter>Generated Files</Filter>
    </ClInclude>
    <ClInclude Include="scope.hpp">
      <Filter>Header Files</Filter>
    </ClInclude>
    <ClInclude Include="GeneratedFiles\ui_RequestMessageWidget.h">
      <Filter>Generated Files</Filter>
    </ClInclude>
    <ClInclude Include="GeneratedFiles\ui_FriendEventListWidget.h">
      <Filter>Generated Files</Filter>
    </ClInclude>
    <ClInclude Include="GeneratedFiles\ui_FriendEventItemWidget.h">
      <Filter>Generated Files</Filter>
    </ClInclude>
    <ClInclude Include="GeneratedFiles\ui_ConversationItemWidget.h">
      <Filter>Generated Files</Filter>
    </ClInclude>
    <ClInclude Include="GeneratedFiles\ui_ChatIdItemWidget.h">
      <Filter>Generated Files</Filter>
    </ClInclude>
    <ClInclude Include="GeneratedFiles\ui_ChangePassword.h">
      <Filter>Generated Files</Filter>
    </ClInclude>
    <ClInclude Include="GeneratedFiles\ui_BlackList.h">
      <Filter>Generated Files</Filter>
    </ClInclude>
    <ClInclude Include="GeneratedFiles\ui_SendImage.h">
      <Filter>Generated Files</Filter>
    </ClInclude>
    <ClInclude Include="GeneratedFiles\ui_SendFile.h">
      <Filter>Generated Files</Filter>
    </ClInclude>
    <ClInclude Include="GeneratedFiles\ui_ItemWidgetLocationLeft.h">
      <Filter>Generated Files</Filter>
    </ClInclude>
    <ClInclude Include="GeneratedFiles\ui_UnreadUsers.h">
      <Filter>Generated Files</Filter>
    </ClInclude>
    <ClInclude Include="GeneratedFiles\ui_ItemWidgetUserCardLeft.h">
      <Filter>Generated Files</Filter>
    </ClInclude>
    <ClInclude Include="GeneratedFiles\ui_ItemWidgetUserCardRight.h">
      <Filter>Generated Files</Filter>
    </ClInclude>
    <ClInclude Include="GeneratedFiles\ui_FileManager.h">
      <Filter>Generated Files</Filter>
    </ClInclude>
    <ClInclude Include="GeneratedFiles\ui_EnterUserNameWidget.h">
      <Filter>Generated Files</Filter>
    </ClInclude>
    <ClInclude Include="GeneratedFiles\ui_SearchUser.h">
      <Filter>Generated Files</Filter>
    </ClInclude>
    <ClInclude Include="GeneratedFiles\ui_TrayIconMessage.h">
      <Filter>Generated Files</Filter>
    </ClInclude>
    <ClInclude Include="GeneratedFiles\ui_TrayMessageItemWidget.h">
      <Filter>Generated Files</Filter>
    </ClInclude>
    <ClInclude Include="GeneratedFiles\ui_ItemWidgetVoiceLeft.h">
      <Filter>Generated Files</Filter>
    </ClInclude>
    <ClInclude Include="GeneratedFiles\ui_ItemWidgetLocationRight.h">
      <Filter>Generated Files</Filter>
    </ClInclude>
    <ClInclude Include="GeneratedFiles\ui_ItemWidgetVoiceRight.h">
      <Filter>Generated Files</Filter>
    </ClInclude>
    <ClInclude Include="GeneratedFiles\ui_ImageCut.h">
      <Filter>Generated Files</Filter>
    </ClInclude>
    <ClInclude Include="GeneratedFiles\ui_MemberItemWidget.h">
      <Filter>Generated Files</Filter>
    </ClInclude>
    <ClInclude Include="GeneratedFiles\ui_GroupInfoDialog.h">
      <Filter>Generated Files</Filter>
    </ClInclude>
    <ClInclude Include="GeneratedFiles\ui_InputGroupId.h">
      <Filter>Generated Files</Filter>
    </ClInclude>
    <ClInclude Include="GeneratedFiles\ui_RoomItemWidget.h">
      <Filter>Generated Files</Filter>
    </ClInclude>
    <ClInclude Include="GeneratedFiles\ui_RoomInfoWidget.h">
      <Filter>Generated Files</Filter>
    </ClInclude>
    <ClInclude Include="GeneratedFiles\ui_RoomInfoPage.h">
      <Filter>Generated Files</Filter>
    </ClInclude>
    <ClInclude Include="GeneratedFiles\ui_GroupEventWidget.h">
      <Filter>Generated Files</Filter>
    </ClInclude>
    <ClInclude Include="GeneratedFiles\ui_GroupEventItem.h">
      <Filter>Generated Files</Filter>
    </ClInclude>
    <ClInclude Include="pplxawait.h">
      <Filter>Header Files</Filter>
    </ClInclude>
  </ItemGroup>
  <ItemGroup>
    <None Include="emojione.js" />
    <None Include="packages.config" />
  </ItemGroup>
  <ItemGroup>
    <ResourceCompile Include="Resource.rc" />
  </ItemGroup>
  <ItemGroup>
    <Image Include="resource\logo.ico" />
  </ItemGroup>
</Project>