<?xml version="1.0" encoding="utf-8"?>
<Project xmlns="http://schemas.microsoft.com/developer/msbuild/2003">
  <ItemGroup>
    <Filter Include="Generated Files">
      <UniqueIdentifier>{71ED8ED8-ACB9-4CE9-BBE1-E00B30144E11}</UniqueIdentifier>
      <Extensions>cpp;c;cxx;moc;h;def;odl;idl;res;</Extensions>
    </Filter>
    <Filter Include="Generated Files">
      <UniqueIdentifier>{71ED8ED8-ACB9-4CE9-BBE1-E00B30144E11}</UniqueIdentifier>
      <Extensions>cpp;c;cxx;moc;h;def;odl;idl;res;</Extensions>
    </Filter>
    <Filter Include="Header Files">
      <UniqueIdentifier>{93995380-89BD-4b04-88EB-625FBE52EBFB}</UniqueIdentifier>
      <Extensions>h;hpp;hxx;hm;inl;inc;xsd</Extensions>
    </Filter>
    <Filter Include="Header Files">
      <UniqueIdentifier>{93995380-89BD-4b04-88EB-625FBE52EBFB}</UniqueIdentifier>
      <Extensions>h;hpp;hxx;hm;inl;inc;xsd</Extensions>
    </Filter>
    <Filter Include="Source Files">
      <UniqueIdentifier>{4FC737F1-C7A5-4376-A066-2A32D752A2FF}</UniqueIdentifier>
      <Extensions>cpp;c;cxx;def;odl;idl;hpj;bat;asm;asmx</Extensions>
    </Filter>
    <Filter Include="Source Files">
      <UniqueIdentifier>{4FC737F1-C7A5-4376-A066-2A32D752A2FF}</UniqueIdentifier>
      <Extensions>cpp;c;cxx;def;odl;idl;hpj;bat;asm;asmx</Extensions>
    </Filter>
    <Filter Include="Generated Files\Debug">
      <UniqueIdentifier>{6d9f30a4-1e95-4be2-8579-5917f0925ea6}</UniqueIdentifier>
      <Extensions>cpp;moc</Extensions>
      <SourceControlFiles>False</SourceControlFiles>
    </Filter>
    <Filter Include="Generated Files\Release">
      <UniqueIdentifier>{83ece3f3-8673-41d2-9524-b0cba1bff026}</UniqueIdentifier>
      <Extensions>cpp;moc</Extensions>
      <SourceControlFiles>False</SourceControlFiles>
    </Filter>
  </ItemGroup>
  <ItemGroup>
    <ClCompile Include="src\QxSerialize\QxBoostSerializeHelper\IxBoostSerializeRegisterHelper.cpp">
      <Filter>Source Files</Filter>
    </ClCompile>
    <ClCompile Include="src\QxRegister\IxClass.cpp">
      <Filter>Source Files</Filter>
    </ClCompile>
    <ClCompile Include="src\QxDao\IxDao_Helper.cpp">
      <Filter>Source Files</Filter>
    </ClCompile>
    <ClCompile Include="src\QxDataMember\IxDataMember.cpp">
      <Filter>Source Files</Filter>
    </ClCompile>
    <ClCompile Include="src\QxDataMember\IxDataMemberX.cpp">
      <Filter>Source Files</Filter>
    </ClCompile>
    <ClCompile Include="src\QxFactory\IxFactory.cpp">
      <Filter>Source Files</Filter>
    </ClCompile>
    <ClCompile Include="src\QxModelView\IxModel.cpp">
      <Filter>Source Files</Filter>
    </ClCompile>
    <ClCompile Include="src\QxService\IxParameter.cpp">
      <Filter>Source Files</Filter>
    </ClCompile>
    <ClCompile Include="src\QxDao\IxPersistable.cpp">
      <Filter>Source Files</Filter>
    </ClCompile>
    <ClCompile Include="src\QxDao\QxRepository\IxRepository.cpp">
      <Filter>Source Files</Filter>
    </ClCompile>
    <ClCompile Include="src\QxService\IxService.cpp">
      <Filter>Source Files</Filter>
    </ClCompile>
    <ClCompile Include="src\QxSingleton\IxSingleton.cpp">
      <Filter>Source Files</Filter>
    </ClCompile>
    <ClCompile Include="src\QxDao\QxSqlElement\IxSqlElement.cpp">
      <Filter>Source Files</Filter>
    </ClCompile>
    <ClCompile Include="src\QxDao\QxSqlGenerator\IxSqlGenerator.cpp">
      <Filter>Source Files</Filter>
    </ClCompile>
    <ClCompile Include="src\QxDao\IxSqlQueryBuilder.cpp">
      <Filter>Source Files</Filter>
    </ClCompile>
    <ClCompile Include="src\QxDao\IxSqlRelation.cpp">
      <Filter>Source Files</Filter>
    </ClCompile>
    <ClCompile Include="src\QxValidator\IxValidator.cpp">
      <Filter>Source Files</Filter>
    </ClCompile>
    <ClCompile Include="src\QxValidator\IxValidatorX.cpp">
      <Filter>Source Files</Filter>
    </ClCompile>
    <ClCompile Include="src\QxCommon\QxBool.cpp">
      <Filter>Source Files</Filter>
    </ClCompile>
    <ClCompile Include="src\QxSerialize\QxBoostSerializeHelper\QxBoostSerializeRegisterHelperX.cpp">
      <Filter>Source Files</Filter>
    </ClCompile>
    <ClCompile Include="src\QxCommon\QxCache.cpp">
      <Filter>Source Files</Filter>
    </ClCompile>
    <ClCompile Include="src\QxRegister\QxClassX.cpp">
      <Filter>Source Files</Filter>
    </ClCompile>
    <ClCompile Include="src\QxCollection\QxCollection.cpp">
      <Filter>Source Files</Filter>
    </ClCompile>
    <ClCompile Include="src\QxService\QxConnect.cpp">
      <Filter>Source Files</Filter>
    </ClCompile>
    <ClCompile Include="src\QxConvert\QxConvert_Export.cpp">
      <Filter>Source Files</Filter>
    </ClCompile>
    <ClCompile Include="src\QxDao\QxDaoAsync.cpp">
      <Filter>Source Files</Filter>
    </ClCompile>
    <ClCompile Include="src\QxDataMember\QxDataMember_QObject.cpp">
      <Filter>Source Files</Filter>
    </ClCompile>
    <ClCompile Include="src\QxDao\QxDateNeutral.cpp">
      <Filter>Source Files</Filter>
    </ClCompile>
    <ClCompile Include="src\QxDao\QxDateTimeNeutral.cpp">
      <Filter>Source Files</Filter>
    </ClCompile>
    <ClCompile Include="src\QxSerialize\boost\QxExportDllBoostArchive.cpp">
      <Filter>Source Files</Filter>
    </ClCompile>
    <ClCompile Include="src\QxFactory\QxFactoryX.cpp">
      <Filter>Source Files</Filter>
    </ClCompile>
    <ClCompile Include="src\QxValidator\QxInvalidValue.cpp">
      <Filter>Source Files</Filter>
    </ClCompile>
    <ClCompile Include="src\QxValidator\QxInvalidValueX.cpp">
      <Filter>Source Files</Filter>
    </ClCompile>
    <ClCompile Include="src\QxModelView\QxModelRowCompare.cpp">
      <Filter>Source Files</Filter>
    </ClCompile>
    <ClCompile Include="src\QxModelView\QxNestedModel.cpp">
      <Filter>Source Files</Filter>
    </ClCompile>
    <ClCompile Include="src\QxDao\QxRepository\QxRepositoryX.cpp">
      <Filter>Source Files</Filter>
    </ClCompile>
    <ClCompile Include="src\QxSerialize\QxSerializeCheckInstance.cpp">
      <Filter>Source Files</Filter>
    </ClCompile>
    <ClCompile Include="src\QxSerialize\QDataStream\QxSerializeQDataStream_QObject.cpp">
      <Filter>Source Files</Filter>
    </ClCompile>
    <ClCompile Include="src\QxSerialize\QDataStream\QxSerializeQDataStream_QSqlError.cpp">
      <Filter>Source Files</Filter>
    </ClCompile>
    <ClCompile Include="src\QxSerialize\QDataStream\QxSerializeQDataStream_primitive_type.cpp">
      <Filter>Source Files</Filter>
    </ClCompile>
    <ClCompile Include="src\QxSerialize\QDataStream\QxSerializeQDataStream_qx_registered_class.cpp">
      <Filter>Source Files</Filter>
    </ClCompile>
    <ClCompile Include="src\QxSerialize\QDataStream\QxSerializeQDataStream_std_string.cpp">
      <Filter>Source Files</Filter>
    </ClCompile>
    <ClCompile Include="src\QxSerialize\QJson\QxSerializeQJson_IxService.cpp">
      <Filter>Source Files</Filter>
    </ClCompile>
    <ClCompile Include="src\QxSerialize\QJson\QxSerializeQJson_IxSqlElement.cpp">
      <Filter>Source Files</Filter>
    </ClCompile>
    <ClCompile Include="src\QxSerialize\QJson\QxSerializeQJson_QBrush.cpp">
      <Filter>Source Files</Filter>
    </ClCompile>
    <ClCompile Include="src\QxSerialize\QJson\QxSerializeQJson_QColor.cpp">
      <Filter>Source Files</Filter>
    </ClCompile>
    <ClCompile Include="src\QxSerialize\QJson\QxSerializeQJson_QFont.cpp">
      <Filter>Source Files</Filter>
    </ClCompile>
    <ClCompile Include="src\QxSerialize\QJson\QxSerializeQJson_QImage.cpp">
      <Filter>Source Files</Filter>
    </ClCompile>
    <ClCompile Include="src\QxSerialize\QJson\QxSerializeQJson_QMatrix.cpp">
      <Filter>Source Files</Filter>
    </ClCompile>
    <ClCompile Include="src\QxSerialize\QJson\QxSerializeQJson_QObject.cpp">
      <Filter>Source Files</Filter>
    </ClCompile>
    <ClCompile Include="src\QxSerialize\QJson\QxSerializeQJson_QPicture.cpp">
      <Filter>Source Files</Filter>
    </ClCompile>
    <ClCompile Include="src\QxSerialize\QJson\QxSerializeQJson_QPixmap.cpp">
      <Filter>Source Files</Filter>
    </ClCompile>
    <ClCompile Include="src\QxSerialize\QJson\QxSerializeQJson_QPoint.cpp">
      <Filter>Source Files</Filter>
    </ClCompile>
    <ClCompile Include="src\QxSerialize\QJson\QxSerializeQJson_QRect.cpp">
      <Filter>Source Files</Filter>
    </ClCompile>
    <ClCompile Include="src\QxSerialize\QJson\QxSerializeQJson_QRegExp.cpp">
      <Filter>Source Files</Filter>
    </ClCompile>
    <ClCompile Include="src\QxSerialize\QJson\QxSerializeQJson_QRegion.cpp">
      <Filter>Source Files</Filter>
    </ClCompile>
    <ClCompile Include="src\QxSerialize\QJson\QxSerializeQJson_QSize.cpp">
      <Filter>Source Files</Filter>
    </ClCompile>
    <ClCompile Include="src\QxSerialize\QJson\QxSerializeQJson_QSqlError.cpp">
      <Filter>Source Files</Filter>
    </ClCompile>
    <ClCompile Include="src\QxSerialize\QJson\QxSerializeQJson_QStringList.cpp">
      <Filter>Source Files</Filter>
    </ClCompile>
    <ClCompile Include="src\QxSerialize\QJson\QxSerializeQJson_QxInvalidValue.cpp">
      <Filter>Source Files</Filter>
    </ClCompile>
    <ClCompile Include="src\QxSerialize\QJson\QxSerializeQJson_QxInvalidValueX.cpp">
      <Filter>Source Files</Filter>
    </ClCompile>
    <ClCompile Include="src\QxSerialize\QJson\QxSerializeQJson_QxSqlQuery.cpp">
      <Filter>Source Files</Filter>
    </ClCompile>
    <ClCompile Include="src\QxSerialize\QJson\QxSerializeQJson_QxTransaction.cpp">
      <Filter>Source Files</Filter>
    </ClCompile>
    <ClCompile Include="src\QxSerialize\QJson\QxSerializeQJson_qx_registered_class.cpp">
      <Filter>Source Files</Filter>
    </ClCompile>
    <ClCompile Include="src\QxSerialize\Qt\QxSerialize_QBrush.cpp">
      <Filter>Source Files</Filter>
    </ClCompile>
    <ClCompile Include="src\QxSerialize\Qt\QxSerialize_QByteArray.cpp">
      <Filter>Source Files</Filter>
    </ClCompile>
    <ClCompile Include="src\QxSerialize\Qt\QxSerialize_QColor.cpp">
      <Filter>Source Files</Filter>
    </ClCompile>
    <ClCompile Include="src\QxSerialize\Qt\QxSerialize_QDate.cpp">
      <Filter>Source Files</Filter>
    </ClCompile>
    <ClCompile Include="src\QxSerialize\Qt\QxSerialize_QDateTime.cpp">
      <Filter>Source Files</Filter>
    </ClCompile>
    <ClCompile Include="src\QxSerialize\Qt\QxSerialize_QFont.cpp">
      <Filter>Source Files</Filter>
    </ClCompile>
    <ClCompile Include="src\QxSerialize\Qt\QxSerialize_QImage.cpp">
      <Filter>Source Files</Filter>
    </ClCompile>
    <ClCompile Include="src\QxSerialize\Qt\QxSerialize_QMatrix.cpp">
      <Filter>Source Files</Filter>
    </ClCompile>
    <ClCompile Include="src\QxSerialize\Qt\QxSerialize_QObject.cpp">
      <Filter>Source Files</Filter>
    </ClCompile>
    <ClCompile Include="src\QxSerialize\Qt\QxSerialize_QPicture.cpp">
      <Filter>Source Files</Filter>
    </ClCompile>
    <ClCompile Include="src\QxSerialize\Qt\QxSerialize_QPixmap.cpp">
      <Filter>Source Files</Filter>
    </ClCompile>
    <ClCompile Include="src\QxSerialize\Qt\QxSerialize_QPoint.cpp">
      <Filter>Source Files</Filter>
    </ClCompile>
    <ClCompile Include="src\QxSerialize\Qt\QxSerialize_QRect.cpp">
      <Filter>Source Files</Filter>
    </ClCompile>
    <ClCompile Include="src\QxSerialize\Qt\QxSerialize_QRegExp.cpp">
      <Filter>Source Files</Filter>
    </ClCompile>
    <ClCompile Include="src\QxSerialize\Qt\QxSerialize_QRegion.cpp">
      <Filter>Source Files</Filter>
    </ClCompile>
    <ClCompile Include="src\QxSerialize\Qt\QxSerialize_QSize.cpp">
      <Filter>Source Files</Filter>
    </ClCompile>
    <ClCompile Include="src\QxSerialize\Qt\QxSerialize_QSqlError.cpp">
      <Filter>Source Files</Filter>
    </ClCompile>
    <ClCompile Include="src\QxSerialize\Qt\QxSerialize_QString.cpp">
      <Filter>Source Files</Filter>
    </ClCompile>
    <ClCompile Include="src\QxSerialize\Qt\QxSerialize_QStringList.cpp">
      <Filter>Source Files</Filter>
    </ClCompile>
    <ClCompile Include="src\QxSerialize\Qt\QxSerialize_QTime.cpp">
      <Filter>Source Files</Filter>
    </ClCompile>
    <ClCompile Include="src\QxSerialize\Qt\QxSerialize_QUrl.cpp">
      <Filter>Source Files</Filter>
    </ClCompile>
    <ClCompile Include="src\QxSerialize\Qt\QxSerialize_QUuid.cpp">
      <Filter>Source Files</Filter>
    </ClCompile>
    <ClCompile Include="src\QxSerialize\Qt\QxSerialize_QVariant.cpp">
      <Filter>Source Files</Filter>
    </ClCompile>
    <ClCompile Include="src\QxService\QxServer.cpp">
      <Filter>Source Files</Filter>
    </ClCompile>
    <ClCompile Include="src\QxDao\QxSession.cpp">
      <Filter>Source Files</Filter>
    </ClCompile>
    <ClCompile Include="src\QxCommon\QxSimpleCrypt.cpp">
      <Filter>Source Files</Filter>
    </ClCompile>
    <ClCompile Include="src\QxSingleton\QxSingletonInit.cpp">
      <Filter>Source Files</Filter>
    </ClCompile>
    <ClCompile Include="src\QxSingleton\QxSingletonX.cpp">
      <Filter>Source Files</Filter>
    </ClCompile>
    <ClCompile Include="src\QxDao\QxSoftDelete.cpp">
      <Filter>Source Files</Filter>
    </ClCompile>
    <ClCompile Include="src\QxDao\QxSqlElement\QxSqlCompare.cpp">
      <Filter>Source Files</Filter>
    </ClCompile>
    <ClCompile Include="src\QxDao\QxSqlDatabase.cpp">
      <Filter>Source Files</Filter>
    </ClCompile>
    <ClCompile Include="src\QxDao\QxSqlElement\QxSqlElementTemp.cpp">
      <Filter>Source Files</Filter>
    </ClCompile>
    <ClCompile Include="src\QxDao\QxSqlElement\QxSqlExpression.cpp">
      <Filter>Source Files</Filter>
    </ClCompile>
    <ClCompile Include="src\QxDao\QxSqlElement\QxSqlFreeText.cpp">
      <Filter>Source Files</Filter>
    </ClCompile>
    <ClCompile Include="src\QxDao\QxSqlGenerator\QxSqlGenerator_MSSQLServer.cpp">
      <Filter>Source Files</Filter>
    </ClCompile>
    <ClCompile Include="src\QxDao\QxSqlGenerator\QxSqlGenerator_MySQL.cpp">
      <Filter>Source Files</Filter>
    </ClCompile>
    <ClCompile Include="src\QxDao\QxSqlGenerator\QxSqlGenerator_Oracle.cpp">
      <Filter>Source Files</Filter>
    </ClCompile>
    <ClCompile Include="src\QxDao\QxSqlGenerator\QxSqlGenerator_PostgreSQL.cpp">
      <Filter>Source Files</Filter>
    </ClCompile>
    <ClCompile Include="src\QxDao\QxSqlGenerator\QxSqlGenerator_SQLite.cpp">
      <Filter>Source Files</Filter>
    </ClCompile>
    <ClCompile Include="src\QxDao\QxSqlGenerator\QxSqlGenerator_Standard.cpp">
      <Filter>Source Files</Filter>
    </ClCompile>
    <ClCompile Include="src\QxDao\QxSqlElement\QxSqlIn.cpp">
      <Filter>Source Files</Filter>
    </ClCompile>
    <ClCompile Include="src\QxDao\QxSqlElement\QxSqlIsBetween.cpp">
      <Filter>Source Files</Filter>
    </ClCompile>
    <ClCompile Include="src\QxDao\QxSqlElement\QxSqlIsNull.cpp">
      <Filter>Source Files</Filter>
    </ClCompile>
    <ClCompile Include="src\QxDao\QxSqlElement\QxSqlLimit.cpp">
      <Filter>Source Files</Filter>
    </ClCompile>
    <ClCompile Include="src\QxDao\QxSqlQuery.cpp">
      <Filter>Source Files</Filter>
    </ClCompile>
    <ClCompile Include="src\QxDao\QxSqlRelationLinked.cpp">
      <Filter>Source Files</Filter>
    </ClCompile>
    <ClCompile Include="src\QxDao\QxSqlRelationParams.cpp">
      <Filter>Source Files</Filter>
    </ClCompile>
    <ClCompile Include="src\QxDao\QxSqlElement\QxSqlSort.cpp">
      <Filter>Source Files</Filter>
    </ClCompile>
    <ClCompile Include="src\QxService\QxThread.cpp">
      <Filter>Source Files</Filter>
    </ClCompile>
    <ClCompile Include="src\QxService\QxThreadPool.cpp">
      <Filter>Source Files</Filter>
    </ClCompile>
    <ClCompile Include="src\QxDao\QxTimeNeutral.cpp">
      <Filter>Source Files</Filter>
    </ClCompile>
    <ClCompile Include="src\QxService\QxTools.cpp">
      <Filter>Source Files</Filter>
    </ClCompile>
    <ClCompile Include="src\QxService\QxTransaction.cpp">
      <Filter>Source Files</Filter>
    </ClCompile>
    <ClCompile Include="src\QxMemLeak\bool_array.cpp">
      <Filter>Source Files</Filter>
    </ClCompile>
    <ClCompile Include="src\QxMemLeak\debug_new.cpp">
      <Filter>Source Files</Filter>
    </ClCompile>
    <ClCompile Include="src\main.cpp">
      <Filter>Source Files</Filter>
    </ClCompile>
    <ClCompile Include="src\QxMemLeak\mem_pool_base.cpp">
      <Filter>Source Files</Filter>
    </ClCompile>
    <ClCompile Include="src\QxMemLeak\static_mem_pool.cpp">
      <Filter>Source Files</Filter>
    </ClCompile>
    <ClCompile Include="src\QxTraits\unit_test_is_container.cpp">
      <Filter>Source Files</Filter>
    </ClCompile>
    <ClCompile Include="src\QxTraits\unit_test_is_smart_ptr.cpp">
      <Filter>Source Files</Filter>
    </ClCompile>
    
    
    
    
    
    
    
    
  </ItemGroup>
  <ItemGroup>
    <ClInclude Include="include\QxSerialize\QxBoostSerializeHelper\IxBoostSerializeRegisterHelper.h">
      <Filter>Header Files</Filter>
    </ClInclude>
    <ClInclude Include="include\QxRegister\IxClass.h">
      <Filter>Header Files</Filter>
    </ClInclude>
    <ClInclude Include="include\QxCollection\IxCollection.h">
      <Filter>Header Files</Filter>
    </ClInclude>
    <ClInclude Include="include\QxDao\IxDao_Helper.h">
      <Filter>Header Files</Filter>
    </ClInclude>
    <ClInclude Include="include\QxDataMember\IxDataMember.h">
      <Filter>Header Files</Filter>
    </ClInclude>
    <ClInclude Include="include\QxDataMember\IxDataMemberX.h">
      <Filter>Header Files</Filter>
    </ClInclude>
    <ClInclude Include="include\QxFactory\IxFactory.h">
      <Filter>Header Files</Filter>
    </ClInclude>
    <ClInclude Include="include\QxFunction\IxFunction.h">
      <Filter>Header Files</Filter>
    </ClInclude>
    <QtMoc Include="include\QxModelView\IxModel.h">
      <Filter>Header Files</Filter>
    </QtMoc>
    <ClInclude Include="include\QxService\IxParameter.h">
      <Filter>Header Files</Filter>
    </ClInclude>
    <ClInclude Include="include\QxDao\IxPersistable.h">
      <Filter>Header Files</Filter>
    </ClInclude>
    <ClInclude Include="include\QxDao\QxRepository\IxRepository.h">
      <Filter>Header Files</Filter>
    </ClInclude>
    <ClInclude Include="include\QxService\IxService.h">
      <Filter>Header Files</Filter>
    </ClInclude>
    <ClInclude Include="include\QxSingleton\IxSingleton.h">
      <Filter>Header Files</Filter>
    </ClInclude>
    <ClInclude Include="include\QxDao\QxSqlElement\IxSqlElement.h">
      <Filter>Header Files</Filter>
    </ClInclude>
    <ClInclude Include="include\QxDao\QxSqlGenerator\IxSqlGenerator.h">
      <Filter>Header Files</Filter>
    </ClInclude>
    <ClInclude Include="include\QxDao\IxSqlQueryBuilder.h">
      <Filter>Header Files</Filter>
    </ClInclude>
    <ClInclude Include="include\QxDao\IxSqlRelation.h">
      <Filter>Header Files</Filter>
    </ClInclude>
    <ClInclude Include="include\QxRegister\IxTypeInfo.h">
      <Filter>Header Files</Filter>
    </ClInclude>
    <ClInclude Include="include\QxValidator\IxValidator.h">
      <Filter>Header Files</Filter>
    </ClInclude>
    <ClInclude Include="include\QxValidator\IxValidatorX.h">
      <Filter>Header Files</Filter>
    </ClInclude>
    <ClInclude Include="include\QxCommon\QxAny.h">
      <Filter>Header Files</Filter>
    </ClInclude>
    <ClInclude Include="include\QxCommon\QxAnyCastDynamic.h">
      <Filter>Header Files</Filter>
    </ClInclude>
    <ClInclude Include="include\QxSerialize\QxArchive.h">
      <Filter>Header Files</Filter>
    </ClInclude>
    <ClInclude Include="include\QxCommon\QxBool.h">
      <Filter>Header Files</Filter>
    </ClInclude>
    <ClInclude Include="include\QxSerialize\QxBoostSerializeHelper\QxBoostInitGuid.h">
      <Filter>Header Files</Filter>
    </ClInclude>
    <ClInclude Include="include\QxExtras\QxBoostOptionalOnly.h">
      <Filter>Header Files</Filter>
    </ClInclude>
    <ClInclude Include="include\QxSerialize\QxBoostSerializeHelper\QxBoostSerializeHelper.h">
      <Filter>Header Files</Filter>
    </ClInclude>
    <ClInclude Include="include\QxSerialize\QxBoostSerializeHelper\QxBoostSerializeRegisterHelper.h">
      <Filter>Header Files</Filter>
    </ClInclude>
    <ClInclude Include="include\QxSerialize\QxBoostSerializeHelper\QxBoostSerializeRegisterHelperX.h">
      <Filter>Header Files</Filter>
    </ClInclude>
    <ClInclude Include="include\QxCommon\QxCache.h">
      <Filter>Header Files</Filter>
    </ClInclude>
    <ClInclude Include="include\QxRegister\QxClass.h">
      <Filter>Header Files</Filter>
    </ClInclude>
    <ClInclude Include="include\QxRegister\QxClassName.h">
      <Filter>Header Files</Filter>
    </ClInclude>
    <ClInclude Include="include\QxRegister\QxClassX.h">
      <Filter>Header Files</Filter>
    </ClInclude>
    <ClInclude Include="include\QxService\QxClientAsync.h">
      <Filter>Header Files</Filter>
    </ClInclude>
    <ClInclude Include="include\QxSerialize\QxClone.h">
      <Filter>Header Files</Filter>
    </ClInclude>
    <ClInclude Include="include\QxCollection\QxCollection.h">
      <Filter>Header Files</Filter>
    </ClInclude>
    <ClInclude Include="include\QxCollection\QxCollectionIterator.h">
      <Filter>Header Files</Filter>
    </ClInclude>
    <ClInclude Include="include\QxCommon\QxConfig.h">
      <Filter>Header Files</Filter>
    </ClInclude>
    <ClInclude Include="include\QxService\QxConnect.h">
      <Filter>Header Files</Filter>
    </ClInclude>
    <ClInclude Include="include\QxConvert\QxConvert.h">
      <Filter>Header Files</Filter>
    </ClInclude>
    <ClInclude Include="include\QxConvert\QxConvert_Export.h">
      <Filter>Header Files</Filter>
    </ClInclude>
    <ClInclude Include="include\QxConvert\QxConvert_Impl.h">
      <Filter>Header Files</Filter>
    </ClInclude>
    <ClInclude Include="include\QxDao\QxDao.h">
      <Filter>Header Files</Filter>
    </ClInclude>
    <QtMoc Include="include\QxDao\QxDaoAsync.h">
      <Filter>Header Files</Filter>
    </QtMoc>
    <ClInclude Include="include\QxDao\QxDaoPointer.h">
      <Filter>Header Files</Filter>
    </ClInclude>
    <ClInclude Include="include\QxDaoRepository.h">
      <Filter>Header Files</Filter>
    </ClInclude>
    <ClInclude Include="include\QxDao\QxDaoStrategy.h">
      <Filter>Header Files</Filter>
    </ClInclude>
    <ClInclude Include="include\QxDao\QxDaoThrowable.h">
      <Filter>Header Files</Filter>
    </ClInclude>
    <ClInclude Include="include\QxDao\QxDao_Impl.h">
      <Filter>Header Files</Filter>
    </ClInclude>
    <ClInclude Include="include\QxDao\QxDao_IsDirty.h">
      <Filter>Header Files</Filter>
    </ClInclude>
    <ClInclude Include="include\QxDataMember\QxDataMember.h">
      <Filter>Header Files</Filter>
    </ClInclude>
    <ClInclude Include="include\QxDataMember\QxDataMemberX.h">
      <Filter>Header Files</Filter>
    </ClInclude>
    <ClInclude Include="include\QxDataMember\QxDataMember_QObject.h">
      <Filter>Header Files</Filter>
    </ClInclude>
    <ClInclude Include="include\QxDao\QxDateNeutral.h">
      <Filter>Header Files</Filter>
    </ClInclude>
    <ClInclude Include="include\QxDao\QxDateTimeNeutral.h">
      <Filter>Header Files</Filter>
    </ClInclude>
    <ClInclude Include="include\QxSerialize\QxDump.h">
      <Filter>Header Files</Filter>
    </ClInclude>
    <ClInclude Include="include\QxCommon\QxException.h">
      <Filter>Header Files</Filter>
    </ClInclude>
    <ClInclude Include="include\QxCommon\QxExceptionCode.h">
      <Filter>Header Files</Filter>
    </ClInclude>
    <ClInclude Include="include\QxSerialize\boost\QxExportDllBoostArchive.h">
      <Filter>Header Files</Filter>
    </ClInclude>
    <ClInclude Include="include\QxSerialize\boost\QxExportDllMacroCpp.h">
      <Filter>Header Files</Filter>
    </ClInclude>
    <ClInclude Include="include\QxSerialize\boost\QxExportDllMacroHpp.h">
      <Filter>Header Files</Filter>
    </ClInclude>
    <ClInclude Include="include\QxFactory\QxFactory.h">
      <Filter>Header Files</Filter>
    </ClInclude>
    <ClInclude Include="include\QxFactory\QxFactoryX.h">
      <Filter>Header Files</Filter>
    </ClInclude>
    <ClInclude Include="include\QxCollection\QxForeach.h">
      <Filter>Header Files</Filter>
    </ClInclude>
    <ClInclude Include="include\QxFunction\QxFunctionError.h">
      <Filter>Header Files</Filter>
    </ClInclude>
    <ClInclude Include="include\QxFunction\QxFunctionInclude.h">
      <Filter>Header Files</Filter>
    </ClInclude>
    <ClInclude Include="include\QxFunction\QxFunctionMacro.h">
      <Filter>Header Files</Filter>
    </ClInclude>
    <ClInclude Include="include\QxFunction\QxFunction_0.h">
      <Filter>Header Files</Filter>
    </ClInclude>
    <ClInclude Include="include\QxFunction\QxFunction_1.h">
      <Filter>Header Files</Filter>
    </ClInclude>
    <ClInclude Include="include\QxFunction\QxFunction_2.h">
      <Filter>Header Files</Filter>
    </ClInclude>
    <ClInclude Include="include\QxFunction\QxFunction_3.h">
      <Filter>Header Files</Filter>
    </ClInclude>
    <ClInclude Include="include\QxFunction\QxFunction_4.h">
      <Filter>Header Files</Filter>
    </ClInclude>
    <ClInclude Include="include\QxFunction\QxFunction_5.h">
      <Filter>Header Files</Filter>
    </ClInclude>
    <ClInclude Include="include\QxFunction\QxFunction_6.h">
      <Filter>Header Files</Filter>
    </ClInclude>
    <ClInclude Include="include\QxFunction\QxFunction_7.h">
      <Filter>Header Files</Filter>
    </ClInclude>
    <ClInclude Include="include\QxFunction\QxFunction_8.h">
      <Filter>Header Files</Filter>
    </ClInclude>
    <ClInclude Include="include\QxFunction\QxFunction_9.h">
      <Filter>Header Files</Filter>
    </ClInclude>
    <ClInclude Include="include\QxCommon\QxHashValue.h">
      <Filter>Header Files</Filter>
    </ClInclude>
    <ClInclude Include="include\QxSerialize\boost\QxImportDllBoostArchive.h">
      <Filter>Header Files</Filter>
    </ClInclude>
    <ClInclude Include="include\QxValidator\QxInvalidValue.h">
      <Filter>Header Files</Filter>
    </ClInclude>
    <ClInclude Include="include\QxValidator\QxInvalidValueX.h">
      <Filter>Header Files</Filter>
    </ClInclude>
    <ClInclude Include="include\QxCommon\QxMacro.h">
      <Filter>Header Files</Filter>
    </ClInclude>
    <ClInclude Include="include\QxMemLeak.h">
      <Filter>Header Files</Filter>
    </ClInclude>
    <ClInclude Include="include\QxModelView\QxModel.h">
      <Filter>Header Files</Filter>
    </ClInclude>
    <ClInclude Include="include\QxModelView\QxModelRowCompare.h">
      <Filter>Header Files</Filter>
    </ClInclude>
    <ClInclude Include="include\QxModelView\QxModelService.h">
      <Filter>Header Files</Filter>
    </ClInclude>
    <ClInclude Include="include\QxModelView.h">
      <Filter>Header Files</Filter>
    </ClInclude>
    <ClInclude Include="include\QxModelView\QxNestedModel.h">
      <Filter>Header Files</Filter>
    </ClInclude>
    <ClInclude Include="include\QxOrm.h">
      <Filter>Header Files</Filter>
    </ClInclude>
    <ClInclude Include="include\QxOrm_Impl.h">
      <Filter>Header Files</Filter>
    </ClInclude>
    <ClInclude Include="include\QxFunction\QxParameters.h">
      <Filter>Header Files</Filter>
    </ClInclude>
    <CustomBuild Include="include\QxPrecompiled.h">
      <Filter>Header Files</Filter>
    </CustomBuild>
    <ClInclude Include="include\QxCommon\QxPropertyBag.h">
      <Filter>Header Files</Filter>
    </ClInclude>
    <ClInclude Include="include\QxRegister\QxRegister.h">
      <Filter>Header Files</Filter>
    </ClInclude>
    <ClInclude Include="include\QxRegister\QxRegisterInternalHelper.h">
      <Filter>Header Files</Filter>
    </ClInclude>
    <ClInclude Include="include\QxRegister\QxRegisterQtProperty.h">
      <Filter>Header Files</Filter>
    </ClInclude>
    <ClInclude Include="include\QxDao\QxRepository\QxRepository.h">
      <Filter>Header Files</Filter>
    </ClInclude>
    <ClInclude Include="include\QxDao\QxRepository\QxRepositoryX.h">
      <Filter>Header Files</Filter>
    </ClInclude>
    <ClInclude Include="include\QxSerialize\QxSerialize.h">
      <Filter>Header Files</Filter>
    </ClInclude>
    <ClInclude Include="include\QxSerialize\QxSerializeCheckInstance.h">
      <Filter>Header Files</Filter>
    </ClInclude>
    <ClInclude Include="include\QxSerialize\QxSerializeFastCompil.h">
      <Filter>Header Files</Filter>
    </ClInclude>
    <ClInclude Include="include\QxSerialize\boost\QxSerializeInclude.h">
      <Filter>Header Files</Filter>
    </ClInclude>
    <ClInclude Include="include\QxSerialize\QxSerializeInvoker.h">
      <Filter>Header Files</Filter>
    </ClInclude>
    <ClInclude Include="include\QxSerialize\QxSerializeMacro.h">
      <Filter>Header Files</Filter>
    </ClInclude>
    <ClInclude Include="include\QxSerialize\QxSerializeQDataStream.h">
      <Filter>Header Files</Filter>
    </ClInclude>
    <ClInclude Include="include\QxSerialize\QDataStream\QxSerializeQDataStream_QFlags.h">
      <Filter>Header Files</Filter>
    </ClInclude>
    <ClInclude Include="include\QxSerialize\QDataStream\QxSerializeQDataStream_QObject.h">
      <Filter>Header Files</Filter>
    </ClInclude>
    <ClInclude Include="include\QxSerialize\QDataStream\QxSerializeQDataStream_QScopedPointer.h">
      <Filter>Header Files</Filter>
    </ClInclude>
    <ClInclude Include="include\QxSerialize\QDataStream\QxSerializeQDataStream_QSharedPointer.h">
      <Filter>Header Files</Filter>
    </ClInclude>
    <ClInclude Include="include\QxSerialize\QDataStream\QxSerializeQDataStream_QSqlError.h">
      <Filter>Header Files</Filter>
    </ClInclude>
    <ClInclude Include="include\QxSerialize\QDataStream\QxSerializeQDataStream_QWeakPointer.h">
      <Filter>Header Files</Filter>
    </ClInclude>
    <ClInclude Include="include\QxSerialize\QDataStream\QxSerializeQDataStream_all_include.h">
      <Filter>Header Files</Filter>
    </ClInclude>
    <ClInclude Include="include\QxSerialize\QDataStream\QxSerializeQDataStream_boost_optional.h">
      <Filter>Header Files</Filter>
    </ClInclude>
    <ClInclude Include="include\QxSerialize\QDataStream\QxSerializeQDataStream_boost_scoped_ptr.h">
      <Filter>Header Files</Filter>
    </ClInclude>
    <ClInclude Include="include\QxSerialize\QDataStream\QxSerializeQDataStream_boost_shared_ptr.h">
      <Filter>Header Files</Filter>
    </ClInclude>
    <ClInclude Include="include\QxSerialize\QDataStream\QxSerializeQDataStream_boost_tuple.h">
      <Filter>Header Files</Filter>
    </ClInclude>
    <ClInclude Include="include\QxSerialize\QDataStream\QxSerializeQDataStream_boost_unordered_map.h">
      <Filter>Header Files</Filter>
    </ClInclude>
    <ClInclude Include="include\QxSerialize\QDataStream\QxSerializeQDataStream_boost_unordered_set.h">
      <Filter>Header Files</Filter>
    </ClInclude>
    <ClInclude Include="include\QxSerialize\QDataStream\QxSerializeQDataStream_primitive_type.h">
      <Filter>Header Files</Filter>
    </ClInclude>
    <ClInclude Include="include\QxSerialize\QDataStream\QxSerializeQDataStream_qx_registered_class.h">
      <Filter>Header Files</Filter>
    </ClInclude>
    <ClInclude Include="include\QxSerialize\QDataStream\QxSerializeQDataStream_std_list.h">
      <Filter>Header Files</Filter>
    </ClInclude>
    <ClInclude Include="include\QxSerialize\QDataStream\QxSerializeQDataStream_std_map.h">
      <Filter>Header Files</Filter>
    </ClInclude>
    <ClInclude Include="include\QxSerialize\QDataStream\QxSerializeQDataStream_std_pair.h">
      <Filter>Header Files</Filter>
    </ClInclude>
    <ClInclude Include="include\QxSerialize\QDataStream\QxSerializeQDataStream_std_set.h">
      <Filter>Header Files</Filter>
    </ClInclude>
    <ClInclude Include="include\QxSerialize\QDataStream\QxSerializeQDataStream_std_shared_ptr.h">
      <Filter>Header Files</Filter>
    </ClInclude>
    <ClInclude Include="include\QxSerialize\QDataStream\QxSerializeQDataStream_std_string.h">
      <Filter>Header Files</Filter>
    </ClInclude>
    <ClInclude Include="include\QxSerialize\QDataStream\QxSerializeQDataStream_std_tuple.h">
      <Filter>Header Files</Filter>
    </ClInclude>
    <ClInclude Include="include\QxSerialize\QDataStream\QxSerializeQDataStream_std_unique_ptr.h">
      <Filter>Header Files</Filter>
    </ClInclude>
    <ClInclude Include="include\QxSerialize\QDataStream\QxSerializeQDataStream_std_unordered_map.h">
      <Filter>Header Files</Filter>
    </ClInclude>
    <ClInclude Include="include\QxSerialize\QDataStream\QxSerializeQDataStream_std_unordered_set.h">
      <Filter>Header Files</Filter>
    </ClInclude>
    <ClInclude Include="include\QxSerialize\QDataStream\QxSerializeQDataStream_std_vector.h">
      <Filter>Header Files</Filter>
    </ClInclude>
    <ClInclude Include="include\QxSerialize\QxSerializeQJson.h">
      <Filter>Header Files</Filter>
    </ClInclude>
    <ClInclude Include="include\QxSerialize\QJson\QxSerializeQJson_IxParameter.h">
      <Filter>Header Files</Filter>
    </ClInclude>
    <ClInclude Include="include\QxSerialize\QJson\QxSerializeQJson_IxService.h">
      <Filter>Header Files</Filter>
    </ClInclude>
    <ClInclude Include="include\QxSerialize\QJson\QxSerializeQJson_IxSqlElement.h">
      <Filter>Header Files</Filter>
    </ClInclude>
    <ClInclude Include="include\QxSerialize\QJson\QxSerializeQJson_QBrush.h">
      <Filter>Header Files</Filter>
    </ClInclude>
    <ClInclude Include="include\QxSerialize\QJson\QxSerializeQJson_QColor.h">
      <Filter>Header Files</Filter>
    </ClInclude>
    <ClInclude Include="include\QxSerialize\QJson\QxSerializeQJson_QFlags.h">
      <Filter>Header Files</Filter>
    </ClInclude>
    <ClInclude Include="include\QxSerialize\QJson\QxSerializeQJson_QFont.h">
      <Filter>Header Files</Filter>
    </ClInclude>
    <ClInclude Include="include\QxSerialize\QJson\QxSerializeQJson_QHash.h">
      <Filter>Header Files</Filter>
    </ClInclude>
    <ClInclude Include="include\QxSerialize\QJson\QxSerializeQJson_QImage.h">
      <Filter>Header Files</Filter>
    </ClInclude>
    <ClInclude Include="include\QxSerialize\QJson\QxSerializeQJson_QLinkedList.h">
      <Filter>Header Files</Filter>
    </ClInclude>
    <ClInclude Include="include\QxSerialize\QJson\QxSerializeQJson_QList.h">
      <Filter>Header Files</Filter>
    </ClInclude>
    <ClInclude Include="include\QxSerialize\QJson\QxSerializeQJson_QMap.h">
      <Filter>Header Files</Filter>
    </ClInclude>
    <ClInclude Include="include\QxSerialize\QJson\QxSerializeQJson_QMatrix.h">
      <Filter>Header Files</Filter>
    </ClInclude>
    <ClInclude Include="include\QxSerialize\QJson\QxSerializeQJson_QMultiHash.h">
      <Filter>Header Files</Filter>
    </ClInclude>
    <ClInclude Include="include\QxSerialize\QJson\QxSerializeQJson_QMultiMap.h">
      <Filter>Header Files</Filter>
    </ClInclude>
    <ClInclude Include="include\QxSerialize\QJson\QxSerializeQJson_QObject.h">
      <Filter>Header Files</Filter>
    </ClInclude>
    <ClInclude Include="include\QxSerialize\QJson\QxSerializeQJson_QPair.h">
      <Filter>Header Files</Filter>
    </ClInclude>
    <ClInclude Include="include\QxSerialize\QJson\QxSerializeQJson_QPicture.h">
      <Filter>Header Files</Filter>
    </ClInclude>
    <ClInclude Include="include\QxSerialize\QJson\QxSerializeQJson_QPixmap.h">
      <Filter>Header Files</Filter>
    </ClInclude>
    <ClInclude Include="include\QxSerialize\QJson\QxSerializeQJson_QPoint.h">
      <Filter>Header Files</Filter>
    </ClInclude>
    <ClInclude Include="include\QxSerialize\QJson\QxSerializeQJson_QRect.h">
      <Filter>Header Files</Filter>
    </ClInclude>
    <ClInclude Include="include\QxSerialize\QJson\QxSerializeQJson_QRegExp.h">
      <Filter>Header Files</Filter>
    </ClInclude>
    <ClInclude Include="include\QxSerialize\QJson\QxSerializeQJson_QRegion.h">
      <Filter>Header Files</Filter>
    </ClInclude>
    <ClInclude Include="include\QxSerialize\QJson\QxSerializeQJson_QScopedPointer.h">
      <Filter>Header Files</Filter>
    </ClInclude>
    <ClInclude Include="include\QxSerialize\QJson\QxSerializeQJson_QSharedPointer.h">
      <Filter>Header Files</Filter>
    </ClInclude>
    <ClInclude Include="include\QxSerialize\QJson\QxSerializeQJson_QSize.h">
      <Filter>Header Files</Filter>
    </ClInclude>
    <ClInclude Include="include\QxSerialize\QJson\QxSerializeQJson_QSqlError.h">
      <Filter>Header Files</Filter>
    </ClInclude>
    <ClInclude Include="include\QxSerialize\QJson\QxSerializeQJson_QStringList.h">
      <Filter>Header Files</Filter>
    </ClInclude>
    <ClInclude Include="include\QxSerialize\QJson\QxSerializeQJson_QUrl.h">
      <Filter>Header Files</Filter>
    </ClInclude>
    <ClInclude Include="include\QxSerialize\QJson\QxSerializeQJson_QVector.h">
      <Filter>Header Files</Filter>
    </ClInclude>
    <ClInclude Include="include\QxSerialize\QJson\QxSerializeQJson_QWeakPointer.h">
      <Filter>Header Files</Filter>
    </ClInclude>
    <ClInclude Include="include\QxSerialize\QJson\QxSerializeQJson_QxCollection.h">
      <Filter>Header Files</Filter>
    </ClInclude>
    <ClInclude Include="include\QxSerialize\QJson\QxSerializeQJson_QxDaoPointer.h">
      <Filter>Header Files</Filter>
    </ClInclude>
    <ClInclude Include="include\QxSerialize\QJson\QxSerializeQJson_QxInvalidValue.h">
      <Filter>Header Files</Filter>
    </ClInclude>
    <ClInclude Include="include\QxSerialize\QJson\QxSerializeQJson_QxInvalidValueX.h">
      <Filter>Header Files</Filter>
    </ClInclude>
    <ClInclude Include="include\QxSerialize\QJson\QxSerializeQJson_QxSqlQuery.h">
      <Filter>Header Files</Filter>
    </ClInclude>
    <ClInclude Include="include\QxSerialize\QJson\QxSerializeQJson_QxTransaction.h">
      <Filter>Header Files</Filter>
    </ClInclude>
    <ClInclude Include="include\QxSerialize\QJson\QxSerializeQJson_all_include.h">
      <Filter>Header Files</Filter>
    </ClInclude>
    <ClInclude Include="include\QxSerialize\QJson\QxSerializeQJson_boost_scoped_ptr.h">
      <Filter>Header Files</Filter>
    </ClInclude>
    <ClInclude Include="include\QxSerialize\QJson\QxSerializeQJson_boost_shared_ptr.h">
      <Filter>Header Files</Filter>
    </ClInclude>
    <ClInclude Include="include\QxSerialize\QJson\QxSerializeQJson_boost_tuple.h">
      <Filter>Header Files</Filter>
    </ClInclude>
    <ClInclude Include="include\QxSerialize\QJson\QxSerializeQJson_boost_unordered_map.h">
      <Filter>Header Files</Filter>
    </ClInclude>
    <ClInclude Include="include\QxSerialize\QJson\QxSerializeQJson_boost_unordered_set.h">
      <Filter>Header Files</Filter>
    </ClInclude>
    <ClInclude Include="include\QxSerialize\QJson\QxSerializeQJson_qx_registered_class.h">
      <Filter>Header Files</Filter>
    </ClInclude>
    <ClInclude Include="include\QxSerialize\QJson\QxSerializeQJson_std_list.h">
      <Filter>Header Files</Filter>
    </ClInclude>
    <ClInclude Include="include\QxSerialize\QJson\QxSerializeQJson_std_map.h">
      <Filter>Header Files</Filter>
    </ClInclude>
    <ClInclude Include="include\QxSerialize\QJson\QxSerializeQJson_std_pair.h">
      <Filter>Header Files</Filter>
    </ClInclude>
    <ClInclude Include="include\QxSerialize\QJson\QxSerializeQJson_std_set.h">
      <Filter>Header Files</Filter>
    </ClInclude>
    <ClInclude Include="include\QxSerialize\QJson\QxSerializeQJson_std_shared_ptr.h">
      <Filter>Header Files</Filter>
    </ClInclude>
    <ClInclude Include="include\QxSerialize\QJson\QxSerializeQJson_std_tuple.h">
      <Filter>Header Files</Filter>
    </ClInclude>
    <ClInclude Include="include\QxSerialize\QJson\QxSerializeQJson_std_unique_ptr.h">
      <Filter>Header Files</Filter>
    </ClInclude>
    <ClInclude Include="include\QxSerialize\QJson\QxSerializeQJson_std_unordered_map.h">
      <Filter>Header Files</Filter>
    </ClInclude>
    <ClInclude Include="include\QxSerialize\QJson\QxSerializeQJson_std_unordered_set.h">
      <Filter>Header Files</Filter>
    </ClInclude>
    <ClInclude Include="include\QxSerialize\QJson\QxSerializeQJson_std_vector.h">
      <Filter>Header Files</Filter>
    </ClInclude>
    <ClInclude Include="include\QxSerialize\Qt\QxSerialize_QBrush.h">
      <Filter>Header Files</Filter>
    </ClInclude>
    <ClInclude Include="include\QxSerialize\Qt\QxSerialize_QByteArray.h">
      <Filter>Header Files</Filter>
    </ClInclude>
    <ClInclude Include="include\QxSerialize\Qt\QxSerialize_QColor.h">
      <Filter>Header Files</Filter>
    </ClInclude>
    <ClInclude Include="include\QxSerialize\Qt\QxSerialize_QDate.h">
      <Filter>Header Files</Filter>
    </ClInclude>
    <ClInclude Include="include\QxSerialize\Qt\QxSerialize_QDateTime.h">
      <Filter>Header Files</Filter>
    </ClInclude>
    <ClInclude Include="include\QxSerialize\Qt\QxSerialize_QFlags.h">
      <Filter>Header Files</Filter>
    </ClInclude>
    <ClInclude Include="include\QxSerialize\Qt\QxSerialize_QFont.h">
      <Filter>Header Files</Filter>
    </ClInclude>
    <ClInclude Include="include\QxSerialize\Qt\QxSerialize_QHash.h">
      <Filter>Header Files</Filter>
    </ClInclude>
    <ClInclude Include="include\QxSerialize\Qt\QxSerialize_QImage.h">
      <Filter>Header Files</Filter>
    </ClInclude>
    <ClInclude Include="include\QxSerialize\Qt\QxSerialize_QLinkedList.h">
      <Filter>Header Files</Filter>
    </ClInclude>
    <ClInclude Include="include\QxSerialize\Qt\QxSerialize_QList.h">
      <Filter>Header Files</Filter>
    </ClInclude>
    <ClInclude Include="include\QxSerialize\Qt\QxSerialize_QMap.h">
      <Filter>Header Files</Filter>
    </ClInclude>
    <ClInclude Include="include\QxSerialize\Qt\QxSerialize_QMatrix.h">
      <Filter>Header Files</Filter>
    </ClInclude>
    <ClInclude Include="include\QxSerialize\Qt\QxSerialize_QMultiHash.h">
      <Filter>Header Files</Filter>
    </ClInclude>
    <ClInclude Include="include\QxSerialize\Qt\QxSerialize_QMultiMap.h">
      <Filter>Header Files</Filter>
    </ClInclude>
    <ClInclude Include="include\QxSerialize\Qt\QxSerialize_QObject.h">
      <Filter>Header Files</Filter>
    </ClInclude>
    <ClInclude Include="include\QxSerialize\Qt\QxSerialize_QPair.h">
      <Filter>Header Files</Filter>
    </ClInclude>
    <ClInclude Include="include\QxSerialize\Qt\QxSerialize_QPicture.h">
      <Filter>Header Files</Filter>
    </ClInclude>
    <ClInclude Include="include\QxSerialize\Qt\QxSerialize_QPixmap.h">
      <Filter>Header Files</Filter>
    </ClInclude>
    <ClInclude Include="include\QxSerialize\Qt\QxSerialize_QPoint.h">
      <Filter>Header Files</Filter>
    </ClInclude>
    <ClInclude Include="include\QxSerialize\Qt\QxSerialize_QRect.h">
      <Filter>Header Files</Filter>
    </ClInclude>
    <ClInclude Include="include\QxSerialize\Qt\QxSerialize_QRegExp.h">
      <Filter>Header Files</Filter>
    </ClInclude>
    <ClInclude Include="include\QxSerialize\Qt\QxSerialize_QRegion.h">
      <Filter>Header Files</Filter>
    </ClInclude>
    <ClInclude Include="include\QxSerialize\Qt\QxSerialize_QScopedPointer.h">
      <Filter>Header Files</Filter>
    </ClInclude>
    <ClInclude Include="include\QxSerialize\Qt\QxSerialize_QSharedPointer.h">
      <Filter>Header Files</Filter>
    </ClInclude>
    <ClInclude Include="include\QxSerialize\Qt\QxSerialize_QSize.h">
      <Filter>Header Files</Filter>
    </ClInclude>
    <ClInclude Include="include\QxSerialize\Qt\QxSerialize_QSqlError.h">
      <Filter>Header Files</Filter>
    </ClInclude>
    <ClInclude Include="include\QxSerialize\Qt\QxSerialize_QString.h">
      <Filter>Header Files</Filter>
    </ClInclude>
    <ClInclude Include="include\QxSerialize\Qt\QxSerialize_QStringList.h">
      <Filter>Header Files</Filter>
    </ClInclude>
    <ClInclude Include="include\QxSerialize\Qt\QxSerialize_QTime.h">
      <Filter>Header Files</Filter>
    </ClInclude>
    <ClInclude Include="include\QxSerialize\Qt\QxSerialize_QUrl.h">
      <Filter>Header Files</Filter>
    </ClInclude>
    <ClInclude Include="include\QxSerialize\Qt\QxSerialize_QUuid.h">
      <Filter>Header Files</Filter>
    </ClInclude>
    <ClInclude Include="include\QxSerialize\Qt\QxSerialize_QVariant.h">
      <Filter>Header Files</Filter>
    </ClInclude>
    <ClInclude Include="include\QxSerialize\Qt\QxSerialize_QVector.h">
      <Filter>Header Files</Filter>
    </ClInclude>
    <ClInclude Include="include\QxSerialize\Qt\QxSerialize_QWeakPointer.h">
      <Filter>Header Files</Filter>
    </ClInclude>
    <ClInclude Include="include\QxSerialize\Qx\QxSerialize_QxCollection.h">
      <Filter>Header Files</Filter>
    </ClInclude>
    <ClInclude Include="include\QxSerialize\Qx\QxSerialize_QxDaoPointer.h">
      <Filter>Header Files</Filter>
    </ClInclude>
    <ClInclude Include="include\QxSerialize\boost\QxSerialize_shared_ptr.h">
      <Filter>Header Files</Filter>
    </ClInclude>
    <ClInclude Include="include\QxSerialize\std\QxSerialize_std_shared_ptr.h">
      <Filter>Header Files</Filter>
    </ClInclude>
    <ClInclude Include="include\QxSerialize\std\QxSerialize_std_tuple.h">
      <Filter>Header Files</Filter>
    </ClInclude>
    <ClInclude Include="include\QxSerialize\std\QxSerialize_std_unique_ptr.h">
      <Filter>Header Files</Filter>
    </ClInclude>
    <ClInclude Include="include\QxSerialize\std\QxSerialize_std_unordered_map.h">
      <Filter>Header Files</Filter>
    </ClInclude>
    <ClInclude Include="include\QxSerialize\std\QxSerialize_std_unordered_set.h">
      <Filter>Header Files</Filter>
    </ClInclude>
    <ClInclude Include="include\QxSerialize\boost\QxSerialize_tuple.h">
      <Filter>Header Files</Filter>
    </ClInclude>
    <ClInclude Include="include\QxSerialize\boost\QxSerialize_unordered_map.h">
      <Filter>Header Files</Filter>
    </ClInclude>
    <ClInclude Include="include\QxSerialize\boost\QxSerialize_unordered_set.h">
      <Filter>Header Files</Filter>
    </ClInclude>
    <ClInclude Include="include\QxService\QxServer.h">
      <Filter>Header Files</Filter>
    </ClInclude>
    <ClInclude Include="include\QxService\QxService.h">
      <Filter>Header Files</Filter>
    </ClInclude>
    <ClInclude Include="include\QxServices.h">
      <Filter>Header Files</Filter>
    </ClInclude>
    <ClInclude Include="include\QxDao\QxSession.h">
      <Filter>Header Files</Filter>
    </ClInclude>
    <ClInclude Include="include\QxCommon\QxSimpleCrypt.h">
      <Filter>Header Files</Filter>
    </ClInclude>
    <ClInclude Include="include\QxSingleton\QxSingleton.h">
      <Filter>Header Files</Filter>
    </ClInclude>
    <ClInclude Include="include\QxSingleton\QxSingletonInit.h">
      <Filter>Header Files</Filter>
    </ClInclude>
    <ClInclude Include="include\QxSingleton\QxSingletonX.h">
      <Filter>Header Files</Filter>
    </ClInclude>
    <ClInclude Include="include\QxDao\QxSoftDelete.h">
      <Filter>Header Files</Filter>
    </ClInclude>
    <ClInclude Include="include\QxDao\QxSqlElement\QxSqlCompare.h">
      <Filter>Header Files</Filter>
    </ClInclude>
    <ClInclude Include="include\QxDao\QxSqlDatabase.h">
      <Filter>Header Files</Filter>
    </ClInclude>
    <ClInclude Include="include\QxDao\QxSqlElement\QxSqlElement.h">
      <Filter>Header Files</Filter>
    </ClInclude>
    <ClInclude Include="include\QxDao\QxSqlElement\QxSqlElementTemp.h">
      <Filter>Header Files</Filter>
    </ClInclude>
    <ClInclude Include="include\QxDao\QxSqlError.h">
      <Filter>Header Files</Filter>
    </ClInclude>
    <ClInclude Include="include\QxDao\QxSqlElement\QxSqlExpression.h">
      <Filter>Header Files</Filter>
    </ClInclude>
    <ClInclude Include="include\QxDao\QxSqlElement\QxSqlFreeText.h">
      <Filter>Header Files</Filter>
    </ClInclude>
    <ClInclude Include="include\QxDao\QxSqlGenerator\QxSqlGenerator.h">
      <Filter>Header Files</Filter>
    </ClInclude>
    <ClInclude Include="include\QxDao\QxSqlGenerator\QxSqlGenerator_MSSQLServer.h">
      <Filter>Header Files</Filter>
    </ClInclude>
    <ClInclude Include="include\QxDao\QxSqlGenerator\QxSqlGenerator_MySQL.h">
      <Filter>Header Files</Filter>
    </ClInclude>
    <ClInclude Include="include\QxDao\QxSqlGenerator\QxSqlGenerator_Oracle.h">
      <Filter>Header Files</Filter>
    </ClInclude>
    <ClInclude Include="include\QxDao\QxSqlGenerator\QxSqlGenerator_PostgreSQL.h">
      <Filter>Header Files</Filter>
    </ClInclude>
    <ClInclude Include="include\QxDao\QxSqlGenerator\QxSqlGenerator_SQLite.h">
      <Filter>Header Files</Filter>
    </ClInclude>
    <ClInclude Include="include\QxDao\QxSqlGenerator\QxSqlGenerator_Standard.h">
      <Filter>Header Files</Filter>
    </ClInclude>
    <ClInclude Include="include\QxDao\QxSqlElement\QxSqlIn.h">
      <Filter>Header Files</Filter>
    </ClInclude>
    <ClInclude Include="include\QxDao\QxSqlElement\QxSqlIsBetween.h">
      <Filter>Header Files</Filter>
    </ClInclude>
    <ClInclude Include="include\QxDao\QxSqlElement\QxSqlIsNull.h">
      <Filter>Header Files</Filter>
    </ClInclude>
    <ClInclude Include="include\QxDao\QxSqlJoin.h">
      <Filter>Header Files</Filter>
    </ClInclude>
    <ClInclude Include="include\QxDao\QxSqlElement\QxSqlLimit.h">
      <Filter>Header Files</Filter>
    </ClInclude>
    <ClInclude Include="include\QxDao\QxSqlQuery.h">
      <Filter>Header Files</Filter>
    </ClInclude>
    <ClInclude Include="include\QxDao\QxSqlQueryBuilder.h">
      <Filter>Header Files</Filter>
    </ClInclude>
    <ClInclude Include="include\QxDao\QxSqlQueryHelper.h">
      <Filter>Header Files</Filter>
    </ClInclude>
    <ClInclude Include="include\QxDao\QxSqlRelation.h">
      <Filter>Header Files</Filter>
    </ClInclude>
    <ClInclude Include="include\QxDao\QxSqlRelationLinked.h">
      <Filter>Header Files</Filter>
    </ClInclude>
    <ClInclude Include="include\QxDao\QxSqlRelationParams.h">
      <Filter>Header Files</Filter>
    </ClInclude>
    <ClInclude Include="include\QxDao\QxSqlRelation_ManyToMany.h">
      <Filter>Header Files</Filter>
    </ClInclude>
    <ClInclude Include="include\QxDao\QxSqlRelation_ManyToOne.h">
      <Filter>Header Files</Filter>
    </ClInclude>
    <ClInclude Include="include\QxDao\QxSqlRelation_OneToMany.h">
      <Filter>Header Files</Filter>
    </ClInclude>
    <ClInclude Include="include\QxDao\QxSqlRelation_OneToOne.h">
      <Filter>Header Files</Filter>
    </ClInclude>
    <ClInclude Include="include\QxDao\QxSqlRelation_RawData.h">
      <Filter>Header Files</Filter>
    </ClInclude>
    <ClInclude Include="include\QxDao\QxSqlSaveMode.h">
      <Filter>Header Files</Filter>
    </ClInclude>
    <ClInclude Include="include\QxDao\QxSqlElement\QxSqlSort.h">
      <Filter>Header Files</Filter>
    </ClInclude>
    <ClInclude Include="include\QxExtras\QxStdOptional.h">
      <Filter>Header Files</Filter>
    </ClInclude>
    <QtMoc Include="include\QxService\QxThread.h">
      <Filter>Header Files</Filter>
    </QtMoc>
    <QtMoc Include="include\QxService\QxThreadPool.h">
      <Filter>Header Files</Filter>
    </QtMoc>
    <ClInclude Include="include\QxDao\QxTimeNeutral.h">
      <Filter>Header Files</Filter>
    </ClInclude>
    <ClInclude Include="include\QxService\QxTools.h">
      <Filter>Header Files</Filter>
    </ClInclude>
    <ClInclude Include="include\QxService\QxTransaction.h">
      <Filter>Header Files</Filter>
    </ClInclude>
    <ClInclude Include="include\QxValidator\QxValidator.h">
      <Filter>Header Files</Filter>
    </ClInclude>
    <ClInclude Include="include\QxValidator\QxValidatorError.h">
      <Filter>Header Files</Filter>
    </ClInclude>
    <ClInclude Include="include\QxValidator\QxValidatorFct.h">
      <Filter>Header Files</Filter>
    </ClInclude>
    <ClInclude Include="include\QxValidator\QxValidatorX.h">
      <Filter>Header Files</Filter>
    </ClInclude>
    <ClInclude Include="include\QxRegister\QxVersion.h">
      <Filter>Header Files</Filter>
    </ClInclude>
    <ClInclude Include="include\QxTraits\archive_printable.h">
      <Filter>Header Files</Filter>
    </ClInclude>
    <ClInclude Include="include\QxTraits\archive_wide_traits.h">
      <Filter>Header Files</Filter>
    </ClInclude>
    <ClInclude Include="include\QxMemLeak\bool_array.h">
      <Filter>Header Files</Filter>
    </ClInclude>
    <ClInclude Include="include\QxMemLeak\class_level_lock.h">
      <Filter>Header Files</Filter>
    </ClInclude>
    <ClInclude Include="include\QxTraits\construct_ptr.h">
      <Filter>Header Files</Filter>
    </ClInclude>
    <ClInclude Include="include\QxMemLeak\cont_ptr_utils.h">
      <Filter>Header Files</Filter>
    </ClInclude>
    <ClInclude Include="include\QxMemLeak\debug_new.h">
      <Filter>Header Files</Filter>
    </ClInclude>
    <ClInclude Include="include\QxMemLeak\fast_mutex.h">
      <Filter>Header Files</Filter>
    </ClInclude>
    <ClInclude Include="include\QxMemLeak\fixed_mem_pool.h">
      <Filter>Header Files</Filter>
    </ClInclude>
    <ClInclude Include="include\QxTraits\generic_container.h">
      <Filter>Header Files</Filter>
    </ClInclude>
    <ClInclude Include="include\QxTraits\get_base_class.h">
      <Filter>Header Files</Filter>
    </ClInclude>
    <ClInclude Include="include\QxTraits\get_class_name.h">
      <Filter>Header Files</Filter>
    </ClInclude>
    <ClInclude Include="include\QxTraits\get_class_name_primitive.h">
      <Filter>Header Files</Filter>
    </ClInclude>
    <ClInclude Include="include\QxTraits\get_primary_key.h">
      <Filter>Header Files</Filter>
    </ClInclude>
    <ClInclude Include="include\QxTraits\get_sql_type.h">
      <Filter>Header Files</Filter>
    </ClInclude>
    <ClInclude Include="include\QxTraits\is_boost_intrusive_ptr.h">
      <Filter>Header Files</Filter>
    </ClInclude>
    <ClInclude Include="include\QxTraits\is_boost_scoped_ptr.h">
      <Filter>Header Files</Filter>
    </ClInclude>
    <ClInclude Include="include\QxTraits\is_boost_shared_ptr.h">
      <Filter>Header Files</Filter>
    </ClInclude>
    <ClInclude Include="include\QxTraits\is_boost_unordered_map.h">
      <Filter>Header Files</Filter>
    </ClInclude>
    <ClInclude Include="include\QxTraits\is_boost_unordered_set.h">
      <Filter>Header Files</Filter>
    </ClInclude>
    <ClInclude Include="include\QxTraits\is_boost_weak_ptr.h">
      <Filter>Header Files</Filter>
    </ClInclude>
    <ClInclude Include="include\QxTraits\is_container.h">
      <Filter>Header Files</Filter>
    </ClInclude>
    <ClInclude Include="include\QxTraits\is_container_base_of.h">
      <Filter>Header Files</Filter>
    </ClInclude>
    <ClInclude Include="include\QxTraits\is_container_key_value.h">
      <Filter>Header Files</Filter>
    </ClInclude>
    <ClInclude Include="include\QxTraits\is_container_to_pod.h">
      <Filter>Header Files</Filter>
    </ClInclude>
    <ClInclude Include="include\QxTraits\is_equal.h">
      <Filter>Header Files</Filter>
    </ClInclude>
    <ClInclude Include="include\QxTraits\is_ptr_base_of.h">
      <Filter>Header Files</Filter>
    </ClInclude>
    <ClInclude Include="include\QxTraits\is_ptr_to_pod.h">
      <Filter>Header Files</Filter>
    </ClInclude>
    <ClInclude Include="include\QxTraits\is_qt_hash.h">
      <Filter>Header Files</Filter>
    </ClInclude>
    <ClInclude Include="include\QxTraits\is_qt_linked_list.h">
      <Filter>Header Files</Filter>
    </ClInclude>
    <ClInclude Include="include\QxTraits\is_qt_list.h">
      <Filter>Header Files</Filter>
    </ClInclude>
    <ClInclude Include="include\QxTraits\is_qt_map.h">
      <Filter>Header Files</Filter>
    </ClInclude>
    <ClInclude Include="include\QxTraits\is_qt_multi_hash.h">
      <Filter>Header Files</Filter>
    </ClInclude>
    <ClInclude Include="include\QxTraits\is_qt_multi_map.h">
      <Filter>Header Files</Filter>
    </ClInclude>
    <ClInclude Include="include\QxTraits\is_qt_scoped_ptr.h">
      <Filter>Header Files</Filter>
    </ClInclude>
    <ClInclude Include="include\QxTraits\is_qt_set.h">
      <Filter>Header Files</Filter>
    </ClInclude>
    <ClInclude Include="include\QxTraits\is_qt_shared_data_ptr.h">
      <Filter>Header Files</Filter>
    </ClInclude>
    <ClInclude Include="include\QxTraits\is_qt_shared_ptr.h">
      <Filter>Header Files</Filter>
    </ClInclude>
    <ClInclude Include="include\QxTraits\is_qt_variant_compatible.h">
      <Filter>Header Files</Filter>
    </ClInclude>
    <ClInclude Include="include\QxTraits\is_qt_vector.h">
      <Filter>Header Files</Filter>
    </ClInclude>
    <ClInclude Include="include\QxTraits\is_qt_weak_ptr.h">
      <Filter>Header Files</Filter>
    </ClInclude>
    <ClInclude Include="include\QxTraits\is_qx_collection.h">
      <Filter>Header Files</Filter>
    </ClInclude>
    <ClInclude Include="include\QxTraits\is_qx_dao_ptr.h">
      <Filter>Header Files</Filter>
    </ClInclude>
    <ClInclude Include="include\QxTraits\is_qx_pod.h">
      <Filter>Header Files</Filter>
    </ClInclude>
    <ClInclude Include="include\QxTraits\is_qx_registered.h">
      <Filter>Header Files</Filter>
    </ClInclude>
    <ClInclude Include="include\QxTraits\is_smart_ptr.h">
      <Filter>Header Files</Filter>
    </ClInclude>
    <ClInclude Include="include\QxTraits\is_smart_ptr_base_of.h">
      <Filter>Header Files</Filter>
    </ClInclude>
    <ClInclude Include="include\QxTraits\is_smart_ptr_to_pod.h">
      <Filter>Header Files</Filter>
    </ClInclude>
    <ClInclude Include="include\QxTraits\is_std_list.h">
      <Filter>Header Files</Filter>
    </ClInclude>
    <ClInclude Include="include\QxTraits\is_std_map.h">
      <Filter>Header Files</Filter>
    </ClInclude>
    <ClInclude Include="include\QxTraits\is_std_set.h">
      <Filter>Header Files</Filter>
    </ClInclude>
    <ClInclude Include="include\QxTraits\is_std_shared_ptr.h">
      <Filter>Header Files</Filter>
    </ClInclude>
    <ClInclude Include="include\QxTraits\is_std_unique_ptr.h">
      <Filter>Header Files</Filter>
    </ClInclude>
    <ClInclude Include="include\QxTraits\is_std_unordered_map.h">
      <Filter>Header Files</Filter>
    </ClInclude>
    <ClInclude Include="include\QxTraits\is_std_unordered_set.h">
      <Filter>Header Files</Filter>
    </ClInclude>
    <ClInclude Include="include\QxTraits\is_std_vector.h">
      <Filter>Header Files</Filter>
    </ClInclude>
    <ClInclude Include="include\QxTraits\is_std_weak_ptr.h">
      <Filter>Header Files</Filter>
    </ClInclude>
    <ClInclude Include="include\QxTraits\is_valid_primary_key.h">
      <Filter>Header Files</Filter>
    </ClInclude>
    <ClInclude Include="include\QxMemLeak\mem_leak.h">
      <Filter>Header Files</Filter>
    </ClInclude>
    <ClInclude Include="include\QxMemLeak\mem_pool_base.h">
      <Filter>Header Files</Filter>
    </ClInclude>
    <ClInclude Include="include\QxMemLeak\object_level_lock.h">
      <Filter>Header Files</Filter>
    </ClInclude>
    <ClInclude Include="include\QxMemLeak\pctimer.h">
      <Filter>Header Files</Filter>
    </ClInclude>
    <ClInclude Include="include\QxSerialize\boost\portable_binary\portable_archive_exception.hpp">
      <Filter>Header Files</Filter>
    </ClInclude>
    <ClInclude Include="include\QxSerialize\boost\portable_binary\portable_iarchive.hpp">
      <Filter>Header Files</Filter>
    </ClInclude>
    <ClInclude Include="include\QxSerialize\boost\portable_binary\portable_oarchive.hpp">
      <Filter>Header Files</Filter>
    </ClInclude>
    <ClInclude Include="include\QxTraits\qt_meta_object.h">
      <Filter>Header Files</Filter>
    </ClInclude>
    <ClInclude Include="include\QxSerialize\boost\class_export\qx_boost_class_export.h">
      <Filter>Header Files</Filter>
    </ClInclude>
    <ClInclude Include="include\QxTraits\qx_traits.h">
      <Filter>Header Files</Filter>
    </ClInclude>
    <ClInclude Include="include\QxTraits\remove_attr.h">
      <Filter>Header Files</Filter>
    </ClInclude>
    <ClInclude Include="include\QxTraits\remove_smart_ptr.h">
      <Filter>Header Files</Filter>
    </ClInclude>
    <ClInclude Include="include\QxMemLeak\set_assign.h">
      <Filter>Header Files</Filter>
    </ClInclude>
    <ClInclude Include="include\QxMemLeak\static_assert.h">
      <Filter>Header Files</Filter>
    </ClInclude>
    <ClInclude Include="include\QxMemLeak\static_mem_pool.h">
      <Filter>Header Files</Filter>
    </ClInclude>
  </ItemGroup>
  <ItemGroup>
    <ClCompile Include="include\QxPrecompiled.h.cpp">
      <Filter>Generated Files</Filter>
    </ClCompile>
    <CustomBuild Include="qt\moc\moc_predefs.h.cbt">
      <Filter>Generated Files</Filter>
    </CustomBuild>
  </ItemGroup>
</Project>